
Microsoft Visual Studio Solution File, Format Version 12.00
Project("{2150E333-8FDC-42A3-9474-1A3956D46DE8}") = "Runtime", "Runtime", "{D67D4BCC-4359-4C74-9DBA-CB17BF358263}"
EndProject
Project("{2150E333-8FDC-42A3-9474-1A3956D46DE8}") = "Testing", "Testing", "{DF635B48-6000-45EF-AA41-01E06BA4A254}"
EndProject
Project("{FAE04EC0-301F-11D3-BF4B-00C04F79EFBC}") = "Commons", "Sources\Runtime\Commons\Commons.csproj", "{A5BA7AC2-8B16-440C-8EEB-2585187B3992}"
EndProject
Project("{FAE04EC0-301F-11D3-BF4B-00C04F79EFBC}") = "Domain", "Sources\Runtime\Domain\Domain.csproj", "{978FDC47-DB1D-4B49-926E-0C8598044673}"
EndProject
Project("{FAE04EC0-301F-11D3-BF4B-00C04F79EFBC}") = "UseCases", "Sources\Runtime\UseCases\UseCases.csproj", "{A934DE9A-C119-4069-BC70-1B355593ADD5}"
EndProject
Project("{FAE04EC0-301F-11D3-BF4B-00C04F79EFBC}") = "Interactors", "Sources\Runtime\Interactors\Interactors.csproj", "{8CAA9A5D-B054-42F7-8589-300866F8223A}"
EndProject
Project("{2150E333-8FDC-42A3-9474-1A3956D46DE8}") = "Infrastructures", "Infrastructures", "{505E86DD-3A59-4038-B109-22B3678D035E}"
EndProject
Project("{FAE04EC0-301F-11D3-BF4B-00C04F79EFBC}") = "Database.LiteDB", "Sources\Runtime\Infrastructures\Database.LiteDB\Database.LiteDB.csproj", "{20749A6A-AD52-4545-B6B2-A921EC8CF850}"
EndProject
Project("{FAE04EC0-301F-11D3-BF4B-00C04F79EFBC}") = "Storage.Json", "Sources\Runtime\Infrastructures\Storage.Json\Storage.Json.csproj", "{EAE5D07E-8455-4C33-BCD1-07EFF958E21B}"
EndProject
Project("{FAE04EC0-301F-11D3-BF4B-00C04F79EFBC}") = "Storage.Xml", "Sources\Runtime\Infrastructures\Storage.Xml\Storage.Xml.csproj", "{499CCE1B-A7D9-4EFA-B890-8785C137EF72}"
EndProject
Project("{FAE04EC0-301F-11D3-BF4B-00C04F79EFBC}") = "Storage.Spreadsheet", "Sources\Runtime\Infrastructures\Storage.Spreadsheet\Storage.Spreadsheet.csproj", "{1747E137-ABC6-4DE6-BE33-9C6B6335266F}"
EndProject
Project("{FAE04EC0-301F-11D3-BF4B-00C04F79EFBC}") = "Storage.Spreadsheet.ClosedXml", "Sources\Runtime\Infrastructures\Storage.Spreadsheet.ClosedXml\Storage.Spreadsheet.ClosedXml.csproj", "{62BED324-A809-4740-BB44-7D0ADC88B8E3}"
EndProject
Project("{FAE04EC0-301F-11D3-BF4B-00C04F79EFBC}") = "Storage", "Sources\Runtime\Infrastructures\Storage\Storage.csproj", "{BA5C1A39-004B-45EC-8FB6-59DB7F80A305}"
EndProject
Project("{FAE04EC0-301F-11D3-BF4B-00C04F79EFBC}") = "Commons", "Sources\Tests\Commons\Commons.csproj", "{01822D19-80DD-4979-BA62-FE10E4ACE5CA}"
EndProject
Project("{FAE04EC0-301F-11D3-BF4B-00C04F79EFBC}") = "Domain", "Sources\Tests\Domain\Domain.csproj", "{D023CB3F-71C6-4925-9651-5FBA3BEF4404}"
EndProject
Project("{2150E333-8FDC-42A3-9474-1A3956D46DE8}") = "Infrastructures", "Infrastructures", "{B1FC3859-B078-471F-81F2-FBB0A25C974B}"
EndProject
Project("{FAE04EC0-301F-11D3-BF4B-00C04F79EFBC}") = "Database.LiteDB", "Sources\Tests\Infrastructures\Database.LiteDB\Database.LiteDB.csproj", "{87930720-147C-4DD4-89C8-F022A65BE461}"
EndProject
Project("{FAE04EC0-301F-11D3-BF4B-00C04F79EFBC}") = "Storage.Xml", "Sources\Tests\Infrastructures\Storage.Xml\Storage.Xml.csproj", "{20F51031-CED4-48E2-BBC2-99239D4C3A68}"
EndProject
Project("{FAE04EC0-301F-11D3-BF4B-00C04F79EFBC}") = "Storage.Yaml", "Sources\Runtime\Infrastructures\Storage.Yaml\Storage.Yaml.csproj", "{17FB1646-6A55-422B-AB7C-9AEB25126D03}"
EndProject
Project("{FAE04EC0-301F-11D3-BF4B-00C04F79EFBC}") = "Storage.Yaml", "Sources\Tests\Infrastructures\Storage.Yaml\Storage.Yaml.csproj", "{A2D9D05E-00A1-456D-93DF-40CB784BB74A}"
EndProject
Project("{2150E333-8FDC-42A3-9474-1A3956D46DE8}") = "Core", "Core", "{6DACDCA0-D8E1-4B58-ADEF-B4CE163B4483}"
EndProject
Project("{2150E333-8FDC-42A3-9474-1A3956D46DE8}") = "Application Core", "Application Core", "{43EB4457-4958-43C4-80A0-5279D3D7EE6D}"
EndProject
Project("{FAE04EC0-301F-11D3-BF4B-00C04F79EFBC}") = "Applications.Core", "Sources\Runtime\Applications.Core\Applications.Core.csproj", "{46F780BE-6786-43D4-BD6D-524C86CE2101}"
EndProject
Global
	GlobalSection(SolutionConfigurationPlatforms) = preSolution
		Debug|Any CPU = Debug|Any CPU
		Release|Any CPU = Release|Any CPU
	EndGlobalSection
	GlobalSection(ProjectConfigurationPlatforms) = postSolution
		{A5BA7AC2-8B16-440C-8EEB-2585187B3992}.Debug|Any CPU.ActiveCfg = Debug|Any CPU
		{A5BA7AC2-8B16-440C-8EEB-2585187B3992}.Debug|Any CPU.Build.0 = Debug|Any CPU
		{A5BA7AC2-8B16-440C-8EEB-2585187B3992}.Release|Any CPU.ActiveCfg = Release|Any CPU
		{A5BA7AC2-8B16-440C-8EEB-2585187B3992}.Release|Any CPU.Build.0 = Release|Any CPU
		{978FDC47-DB1D-4B49-926E-0C8598044673}.Debug|Any CPU.ActiveCfg = Debug|Any CPU
		{978FDC47-DB1D-4B49-926E-0C8598044673}.Debug|Any CPU.Build.0 = Debug|Any CPU
		{978FDC47-DB1D-4B49-926E-0C8598044673}.Release|Any CPU.ActiveCfg = Release|Any CPU
		{978FDC47-DB1D-4B49-926E-0C8598044673}.Release|Any CPU.Build.0 = Release|Any CPU
		{A934DE9A-C119-4069-BC70-1B355593ADD5}.Debug|Any CPU.ActiveCfg = Debug|Any CPU
		{A934DE9A-C119-4069-BC70-1B355593ADD5}.Debug|Any CPU.Build.0 = Debug|Any CPU
		{A934DE9A-C119-4069-BC70-1B355593ADD5}.Release|Any CPU.ActiveCfg = Release|Any CPU
		{A934DE9A-C119-4069-BC70-1B355593ADD5}.Release|Any CPU.Build.0 = Release|Any CPU
		{8CAA9A5D-B054-42F7-8589-300866F8223A}.Debug|Any CPU.ActiveCfg = Debug|Any CPU
		{8CAA9A5D-B054-42F7-8589-300866F8223A}.Debug|Any CPU.Build.0 = Debug|Any CPU
		{8CAA9A5D-B054-42F7-8589-300866F8223A}.Release|Any CPU.ActiveCfg = Release|Any CPU
		{8CAA9A5D-B054-42F7-8589-300866F8223A}.Release|Any CPU.Build.0 = Release|Any CPU
		{20749A6A-AD52-4545-B6B2-A921EC8CF850}.Debug|Any CPU.ActiveCfg = Debug|Any CPU
		{20749A6A-AD52-4545-B6B2-A921EC8CF850}.Debug|Any CPU.Build.0 = Debug|Any CPU
		{20749A6A-AD52-4545-B6B2-A921EC8CF850}.Release|Any CPU.ActiveCfg = Release|Any CPU
		{20749A6A-AD52-4545-B6B2-A921EC8CF850}.Release|Any CPU.Build.0 = Release|Any CPU
		{EAE5D07E-8455-4C33-BCD1-07EFF958E21B}.Debug|Any CPU.ActiveCfg = Debug|Any CPU
		{EAE5D07E-8455-4C33-BCD1-07EFF958E21B}.Debug|Any CPU.Build.0 = Debug|Any CPU
		{EAE5D07E-8455-4C33-BCD1-07EFF958E21B}.Release|Any CPU.ActiveCfg = Release|Any CPU
		{EAE5D07E-8455-4C33-BCD1-07EFF958E21B}.Release|Any CPU.Build.0 = Release|Any CPU
		{499CCE1B-A7D9-4EFA-B890-8785C137EF72}.Debug|Any CPU.ActiveCfg = Debug|Any CPU
		{499CCE1B-A7D9-4EFA-B890-8785C137EF72}.Debug|Any CPU.Build.0 = Debug|Any CPU
		{499CCE1B-A7D9-4EFA-B890-8785C137EF72}.Release|Any CPU.ActiveCfg = Release|Any CPU
		{499CCE1B-A7D9-4EFA-B890-8785C137EF72}.Release|Any CPU.Build.0 = Release|Any CPU
		{1747E137-ABC6-4DE6-BE33-9C6B6335266F}.Debug|Any CPU.ActiveCfg = Debug|Any CPU
		{1747E137-ABC6-4DE6-BE33-9C6B6335266F}.Debug|Any CPU.Build.0 = Debug|Any CPU
		{1747E137-ABC6-4DE6-BE33-9C6B6335266F}.Release|Any CPU.ActiveCfg = Release|Any CPU
		{1747E137-ABC6-4DE6-BE33-9C6B6335266F}.Release|Any CPU.Build.0 = Release|Any CPU
		{62BED324-A809-4740-BB44-7D0ADC88B8E3}.Debug|Any CPU.ActiveCfg = Debug|Any CPU
		{62BED324-A809-4740-BB44-7D0ADC88B8E3}.Debug|Any CPU.Build.0 = Debug|Any CPU
		{62BED324-A809-4740-BB44-7D0ADC88B8E3}.Release|Any CPU.ActiveCfg = Release|Any CPU
		{62BED324-A809-4740-BB44-7D0ADC88B8E3}.Release|Any CPU.Build.0 = Release|Any CPU
		{BA5C1A39-004B-45EC-8FB6-59DB7F80A305}.Debug|Any CPU.ActiveCfg = Debug|Any CPU
		{BA5C1A39-004B-45EC-8FB6-59DB7F80A305}.Debug|Any CPU.Build.0 = Debug|Any CPU
		{BA5C1A39-004B-45EC-8FB6-59DB7F80A305}.Release|Any CPU.ActiveCfg = Release|Any CPU
		{BA5C1A39-004B-45EC-8FB6-59DB7F80A305}.Release|Any CPU.Build.0 = Release|Any CPU
		{01822D19-80DD-4979-BA62-FE10E4ACE5CA}.Debug|Any CPU.ActiveCfg = Debug|Any CPU
		{01822D19-80DD-4979-BA62-FE10E4ACE5CA}.Debug|Any CPU.Build.0 = Debug|Any CPU
		{01822D19-80DD-4979-BA62-FE10E4ACE5CA}.Release|Any CPU.ActiveCfg = Release|Any CPU
		{01822D19-80DD-4979-BA62-FE10E4ACE5CA}.Release|Any CPU.Build.0 = Release|Any CPU
		{D023CB3F-71C6-4925-9651-5FBA3BEF4404}.Debug|Any CPU.ActiveCfg = Debug|Any CPU
		{D023CB3F-71C6-4925-9651-5FBA3BEF4404}.Debug|Any CPU.Build.0 = Debug|Any CPU
		{D023CB3F-71C6-4925-9651-5FBA3BEF4404}.Release|Any CPU.ActiveCfg = Release|Any CPU
		{D023CB3F-71C6-4925-9651-5FBA3BEF4404}.Release|Any CPU.Build.0 = Release|Any CPU
		{87930720-147C-4DD4-89C8-F022A65BE461}.Debug|Any CPU.ActiveCfg = Debug|Any CPU
		{87930720-147C-4DD4-89C8-F022A65BE461}.Debug|Any CPU.Build.0 = Debug|Any CPU
		{87930720-147C-4DD4-89C8-F022A65BE461}.Release|Any CPU.ActiveCfg = Release|Any CPU
		{87930720-147C-4DD4-89C8-F022A65BE461}.Release|Any CPU.Build.0 = Release|Any CPU
		{20F51031-CED4-48E2-BBC2-99239D4C3A68}.Debug|Any CPU.ActiveCfg = Debug|Any CPU
		{20F51031-CED4-48E2-BBC2-99239D4C3A68}.Debug|Any CPU.Build.0 = Debug|Any CPU
		{20F51031-CED4-48E2-BBC2-99239D4C3A68}.Release|Any CPU.ActiveCfg = Release|Any CPU
		{20F51031-CED4-48E2-BBC2-99239D4C3A68}.Release|Any CPU.Build.0 = Release|Any CPU
		{17FB1646-6A55-422B-AB7C-9AEB25126D03}.Debug|Any CPU.ActiveCfg = Debug|Any CPU
		{17FB1646-6A55-422B-AB7C-9AEB25126D03}.Debug|Any CPU.Build.0 = Debug|Any CPU
		{17FB1646-6A55-422B-AB7C-9AEB25126D03}.Release|Any CPU.ActiveCfg = Release|Any CPU
		{17FB1646-6A55-422B-AB7C-9AEB25126D03}.Release|Any CPU.Build.0 = Release|Any CPU
		{A2D9D05E-00A1-456D-93DF-40CB784BB74A}.Debug|Any CPU.ActiveCfg = Debug|Any CPU
		{A2D9D05E-00A1-456D-93DF-40CB784BB74A}.Debug|Any CPU.Build.0 = Debug|Any CPU
		{A2D9D05E-00A1-456D-93DF-40CB784BB74A}.Release|Any CPU.ActiveCfg = Release|Any CPU
		{A2D9D05E-00A1-456D-93DF-40CB784BB74A}.Release|Any CPU.Build.0 = Release|Any CPU
		{46F780BE-6786-43D4-BD6D-524C86CE2101}.Debug|Any CPU.ActiveCfg = Debug|Any CPU
		{46F780BE-6786-43D4-BD6D-524C86CE2101}.Debug|Any CPU.Build.0 = Debug|Any CPU
		{46F780BE-6786-43D4-BD6D-524C86CE2101}.Release|Any CPU.ActiveCfg = Release|Any CPU
		{46F780BE-6786-43D4-BD6D-524C86CE2101}.Release|Any CPU.Build.0 = Release|Any CPU
	EndGlobalSection
	GlobalSection(NestedProjects) = preSolution
		{20749A6A-AD52-4545-B6B2-A921EC8CF850} = {505E86DD-3A59-4038-B109-22B3678D035E}
		{EAE5D07E-8455-4C33-BCD1-07EFF958E21B} = {505E86DD-3A59-4038-B109-22B3678D035E}
		{499CCE1B-A7D9-4EFA-B890-8785C137EF72} = {505E86DD-3A59-4038-B109-22B3678D035E}
		{1747E137-ABC6-4DE6-BE33-9C6B6335266F} = {505E86DD-3A59-4038-B109-22B3678D035E}
		{62BED324-A809-4740-BB44-7D0ADC88B8E3} = {505E86DD-3A59-4038-B109-22B3678D035E}
		{BA5C1A39-004B-45EC-8FB6-59DB7F80A305} = {505E86DD-3A59-4038-B109-22B3678D035E}
		{01822D19-80DD-4979-BA62-FE10E4ACE5CA} = {DF635B48-6000-45EF-AA41-01E06BA4A254}
		{87930720-147C-4DD4-89C8-F022A65BE461} = {B1FC3859-B078-471F-81F2-FBB0A25C974B}
		{20F51031-CED4-48E2-BBC2-99239D4C3A68} = {B1FC3859-B078-471F-81F2-FBB0A25C974B}
		{17FB1646-6A55-422B-AB7C-9AEB25126D03} = {505E86DD-3A59-4038-B109-22B3678D035E}
		{A2D9D05E-00A1-456D-93DF-40CB784BB74A} = {B1FC3859-B078-471F-81F2-FBB0A25C974B}
		{6DACDCA0-D8E1-4B58-ADEF-B4CE163B4483} = {DF635B48-6000-45EF-AA41-01E06BA4A254}
		{B1FC3859-B078-471F-81F2-FBB0A25C974B} = {6DACDCA0-D8E1-4B58-ADEF-B4CE163B4483}
		{D023CB3F-71C6-4925-9651-5FBA3BEF4404} = {6DACDCA0-D8E1-4B58-ADEF-B4CE163B4483}
		{43EB4457-4958-43C4-80A0-5279D3D7EE6D} = {D67D4BCC-4359-4C74-9DBA-CB17BF358263}
		{46F780BE-6786-43D4-BD6D-524C86CE2101} = {43EB4457-4958-43C4-80A0-5279D3D7EE6D}
		{505E86DD-3A59-4038-B109-22B3678D035E} = {D67D4BCC-4359-4C74-9DBA-CB17BF358263}
		{A5BA7AC2-8B16-440C-8EEB-2585187B3992} = {D67D4BCC-4359-4C74-9DBA-CB17BF358263}
		{978FDC47-DB1D-4B49-926E-0C8598044673} = {D67D4BCC-4359-4C74-9DBA-CB17BF358263}
		{8CAA9A5D-B054-42F7-8589-300866F8223A} = {D67D4BCC-4359-4C74-9DBA-CB17BF358263}
		{A934DE9A-C119-4069-BC70-1B355593ADD5} = {D67D4BCC-4359-4C74-9DBA-CB17BF358263}
	EndGlobalSection
EndGlobal
