
Microsoft Visual Studio Solution File, Format Version 12.00
Project("{2150E333-8FDC-42A3-9474-1A3956D46DE8}") = "Runtime", "Runtime", "{D67D4BCC-4359-4C74-9DBA-CB17BF358263}"
EndProject
Project("{2150E333-8FDC-42A3-9474-1A3956D46DE8}") = "Testing", "Testing", "{DF635B48-6000-45EF-AA41-01E06BA4A254}"
EndProject
Project("{FAE04EC0-301F-11D3-BF4B-00C04F79EFBC}") = "Commons", "Sources\Runtime\Commons\Commons.csproj", "{A5BA7AC2-8B16-440C-8EEB-2585187B3992}"
EndProject
Project("{FAE04EC0-301F-11D3-BF4B-00C04F79EFBC}") = "Domain", "Sources\Runtime\Domain\Domain.csproj", "{978FDC47-DB1D-4B49-926E-0C8598044673}"
EndProject
Project("{FAE04EC0-301F-11D3-BF4B-00C04F79EFBC}") = "UseCases", "Sources\Runtime\UseCases\UseCases.csproj", "{A934DE9A-C119-4069-BC70-1B355593ADD5}"
EndProject
Project("{FAE04EC0-301F-11D3-BF4B-00C04F79EFBC}") = "Interactors", "Sources\Runtime\Interactors\Interactors.csproj", "{8CAA9A5D-B054-42F7-8589-300866F8223A}"
EndProject
Project("{2150E333-8FDC-42A3-9474-1A3956D46DE8}") = "Infrastructures", "Infrastructures", "{505E86DD-3A59-4038-B109-22B3678D035E}"
EndProject
Project("{FAE04EC0-301F-11D3-BF4B-00C04F79EFBC}") = "Storage.Json", "Sources\Runtime\Infrastructures\Storage.Json\Storage.Json.csproj", "{EAE5D07E-8455-4C33-BCD1-07EFF958E21B}"
EndProject
Project("{FAE04EC0-301F-11D3-BF4B-00C04F79EFBC}") = "Storage.Xml", "Sources\Runtime\Infrastructures\Storage.Xml\Storage.Xml.csproj", "{499CCE1B-A7D9-4EFA-B890-8785C137EF72}"
EndProject
Project("{FAE04EC0-301F-11D3-BF4B-00C04F79EFBC}") = "Storage.Spreadsheet", "Sources\Runtime\Infrastructures\Storage.Spreadsheet\Storage.Spreadsheet.csproj", "{1747E137-ABC6-4DE6-BE33-9C6B6335266F}"
EndProject
Project("{FAE04EC0-301F-11D3-BF4B-00C04F79EFBC}") = "Storage.Spreadsheet.ClosedXml", "Sources\Runtime\Infrastructures\Storage.Spreadsheet.ClosedXml\Storage.Spreadsheet.ClosedXml.csproj", "{62BED324-A809-4740-BB44-7D0ADC88B8E3}"
EndProject
Project("{FAE04EC0-301F-11D3-BF4B-00C04F79EFBC}") = "Storage", "Sources\Runtime\Infrastructures\Storage\Storage.csproj", "{BA5C1A39-004B-45EC-8FB6-59DB7F80A305}"
EndProject
Project("{FAE04EC0-301F-11D3-BF4B-00C04F79EFBC}") = "Commons", "Sources\Tests\Commons\Commons.csproj", "{01822D19-80DD-4979-BA62-FE10E4ACE5CA}"
EndProject
Project("{FAE04EC0-301F-11D3-BF4B-00C04F79EFBC}") = "Domain", "Sources\Tests\Domain\Domain.csproj", "{D023CB3F-71C6-4925-9651-5FBA3BEF4404}"
EndProject
Project("{2150E333-8FDC-42A3-9474-1A3956D46DE8}") = "Infrastructures", "Infrastructures", "{B1FC3859-B078-471F-81F2-FBB0A25C974B}"
EndProject
Project("{FAE04EC0-301F-11D3-BF4B-00C04F79EFBC}") = "Storage.Xml", "Sources\Tests\Infrastructures\Storage.Xml\Storage.Xml.csproj", "{20F51031-CED4-48E2-BBC2-99239D4C3A68}"
EndProject
Project("{FAE04EC0-301F-11D3-BF4B-00C04F79EFBC}") = "Storage.Yaml", "Sources\Runtime\Infrastructures\Storage.Yaml\Storage.Yaml.csproj", "{17FB1646-6A55-422B-AB7C-9AEB25126D03}"
EndProject
Project("{FAE04EC0-301F-11D3-BF4B-00C04F79EFBC}") = "Storage.Yaml", "Sources\Tests\Infrastructures\Storage.Yaml\Storage.Yaml.csproj", "{A2D9D05E-00A1-456D-93DF-40CB784BB74A}"
EndProject
Project("{2150E333-8FDC-42A3-9474-1A3956D46DE8}") = "Core", "Core", "{6DACDCA0-D8E1-4B58-ADEF-B4CE163B4483}"
EndProject
Project("{2150E333-8FDC-42A3-9474-1A3956D46DE8}") = "Applications", "Applications", "{43EB4457-4958-43C4-80A0-5279D3D7EE6D}"
EndProject
Project("{FAE04EC0-301F-11D3-BF4B-00C04F79EFBC}") = "Applications.Standalone.Core", "Sources\Runtime\Applications\Standalone.Core\Applications.Standalone.Core.csproj", "{46F780BE-6786-43D4-BD6D-524C86CE2101}"
EndProject
Project("{2150E333-8FDC-42A3-9474-1A3956D46DE8}") = "Domain", "Domain", "{4F7FDAC2-788F-437D-8498-7EA665B4B1CA}"
EndProject
Project("{FAE04EC0-301F-11D3-BF4B-00C04F79EFBC}") = "Applications.WPF", "Sources\Runtime\Applications\WPF\Applications.WPF.csproj", "{634AFB40-DAF4-4A06-8C2C-95880D514C28}"
EndProject
Project("{FAE04EC0-301F-11D3-BF4B-00C04F79EFBC}") = "Applications.CLI", "Sources\Runtime\Applications\CLI\Applications.CLI.csproj", "{D35DCF05-CE3B-4258-AF17-5D73C2A9EE86}"
EndProject
Project("{FAE04EC0-301F-11D3-BF4B-00C04F79EFBC}") = "Storage.Json", "Sources\Tests\Infrastructures\Storage.Json\Storage.Json.csproj", "{61CEC52E-8F9F-4A98-87B8-9AC0E764A3D9}"
EndProject
Project("{FAE04EC0-301F-11D3-BF4B-00C04F79EFBC}") = "Storage.Spreadsheet.ClosedXml", "Sources\Tests\Infrastructures\Storage.Spreadsheet.ClosedXml\Storage.Spreadsheet.ClosedXml.csproj", "{7ABC44B5-2B89-44C1-8B6C-951D3169E05B}"
EndProject
Project("{FAE04EC0-301F-11D3-BF4B-00C04F79EFBC}") = "Applications.Blazor", "Sources\Runtime\Applications\Blazor\Applications.Blazor.csproj", "{30D5B2F8-59A6-408D-9697-1339B3943BA5}"
EndProject
Project("{2150E333-8FDC-42A3-9474-1A3956D46DE8}") = "Standalone", "Standalone", "{929A1972-7C22-4700-A758-E99DF592BEBF}"
EndProject
Project("{FAE04EC0-301F-11D3-BF4B-00C04F79EFBC}") = "Storage.Plist", "Sources\Runtime\Infrastructures\Storage.Plist\Storage.Plist.csproj", "{5F236D80-0102-44F7-904D-26A5A910C6C0}"
EndProject
Project("{FAE04EC0-301F-11D3-BF4B-00C04F79EFBC}") = "Storage.Plist", "Sources\Tests\Infrastructures\Storage.Plist\Storage.Plist.csproj", "{33ED6810-D26B-419D-9A8E-C5F293E1431E}"
EndProject
Project("{FAE04EC0-301F-11D3-BF4B-00C04F79EFBC}") = "Controllers", "Sources\Runtime\Controllers\Controllers.csproj", "{2F52BD6A-C9B7-4C41-8DCE-2A50EA9F7EFA}"
EndProject
Project("{FAE04EC0-301F-11D3-BF4B-00C04F79EFBC}") = "Presenters", "Sources\Runtime\Presenters\Presenters.csproj", "{1D6E38E4-399E-46F7-84E2-FFB8DC117C67}"
EndProject
Project("{FAE04EC0-301F-11D3-BF4B-00C04F79EFBC}") = "Views", "Sources\Runtime\Views\Views.csproj", "{9934CEBD-165C-4C04-9E1E-697C58D073CB}"
EndProject
Global
	GlobalSection(SolutionConfigurationPlatforms) = preSolution
		Debug|Any CPU = Debug|Any CPU
		Release|Any CPU = Release|Any CPU
	EndGlobalSection
	GlobalSection(ProjectConfigurationPlatforms) = postSolution
		{A5BA7AC2-8B16-440C-8EEB-2585187B3992}.Debug|Any CPU.ActiveCfg = Debug|Any CPU
		{A5BA7AC2-8B16-440C-8EEB-2585187B3992}.Debug|Any CPU.Build.0 = Debug|Any CPU
		{A5BA7AC2-8B16-440C-8EEB-2585187B3992}.Release|Any CPU.ActiveCfg = Release|Any CPU
		{A5BA7AC2-8B16-440C-8EEB-2585187B3992}.Release|Any CPU.Build.0 = Release|Any CPU
		{978FDC47-DB1D-4B49-926E-0C8598044673}.Debug|Any CPU.ActiveCfg = Debug|Any CPU
		{978FDC47-DB1D-4B49-926E-0C8598044673}.Debug|Any CPU.Build.0 = Debug|Any CPU
		{978FDC47-DB1D-4B49-926E-0C8598044673}.Release|Any CPU.ActiveCfg = Release|Any CPU
		{978FDC47-DB1D-4B49-926E-0C8598044673}.Release|Any CPU.Build.0 = Release|Any CPU
		{A934DE9A-C119-4069-BC70-1B355593ADD5}.Debug|Any CPU.ActiveCfg = Debug|Any CPU
		{A934DE9A-C119-4069-BC70-1B355593ADD5}.Debug|Any CPU.Build.0 = Debug|Any CPU
		{A934DE9A-C119-4069-BC70-1B355593ADD5}.Release|Any CPU.ActiveCfg = Release|Any CPU
		{A934DE9A-C119-4069-BC70-1B355593ADD5}.Release|Any CPU.Build.0 = Release|Any CPU
		{8CAA9A5D-B054-42F7-8589-300866F8223A}.Debug|Any CPU.ActiveCfg = Debug|Any CPU
		{8CAA9A5D-B054-42F7-8589-300866F8223A}.Debug|Any CPU.Build.0 = Debug|Any CPU
		{8CAA9A5D-B054-42F7-8589-300866F8223A}.Release|Any CPU.ActiveCfg = Release|Any CPU
		{8CAA9A5D-B054-42F7-8589-300866F8223A}.Release|Any CPU.Build.0 = Release|Any CPU
		{EAE5D07E-8455-4C33-BCD1-07EFF958E21B}.Debug|Any CPU.ActiveCfg = Debug|Any CPU
		{EAE5D07E-8455-4C33-BCD1-07EFF958E21B}.Debug|Any CPU.Build.0 = Debug|Any CPU
		{EAE5D07E-8455-4C33-BCD1-07EFF958E21B}.Release|Any CPU.ActiveCfg = Release|Any CPU
		{EAE5D07E-8455-4C33-BCD1-07EFF958E21B}.Release|Any CPU.Build.0 = Release|Any CPU
		{499CCE1B-A7D9-4EFA-B890-8785C137EF72}.Debug|Any CPU.ActiveCfg = Debug|Any CPU
		{499CCE1B-A7D9-4EFA-B890-8785C137EF72}.Debug|Any CPU.Build.0 = Debug|Any CPU
		{499CCE1B-A7D9-4EFA-B890-8785C137EF72}.Release|Any CPU.ActiveCfg = Release|Any CPU
		{499CCE1B-A7D9-4EFA-B890-8785C137EF72}.Release|Any CPU.Build.0 = Release|Any CPU
		{1747E137-ABC6-4DE6-BE33-9C6B6335266F}.Debug|Any CPU.ActiveCfg = Debug|Any CPU
		{1747E137-ABC6-4DE6-BE33-9C6B6335266F}.Debug|Any CPU.Build.0 = Debug|Any CPU
		{1747E137-ABC6-4DE6-BE33-9C6B6335266F}.Release|Any CPU.ActiveCfg = Release|Any CPU
		{1747E137-ABC6-4DE6-BE33-9C6B6335266F}.Release|Any CPU.Build.0 = Release|Any CPU
		{62BED324-A809-4740-BB44-7D0ADC88B8E3}.Debug|Any CPU.ActiveCfg = Debug|Any CPU
		{62BED324-A809-4740-BB44-7D0ADC88B8E3}.Debug|Any CPU.Build.0 = Debug|Any CPU
		{62BED324-A809-4740-BB44-7D0ADC88B8E3}.Release|Any CPU.ActiveCfg = Release|Any CPU
		{62BED324-A809-4740-BB44-7D0ADC88B8E3}.Release|Any CPU.Build.0 = Release|Any CPU
		{BA5C1A39-004B-45EC-8FB6-59DB7F80A305}.Debug|Any CPU.ActiveCfg = Debug|Any CPU
		{BA5C1A39-004B-45EC-8FB6-59DB7F80A305}.Debug|Any CPU.Build.0 = Debug|Any CPU
		{BA5C1A39-004B-45EC-8FB6-59DB7F80A305}.Release|Any CPU.ActiveCfg = Release|Any CPU
		{BA5C1A39-004B-45EC-8FB6-59DB7F80A305}.Release|Any CPU.Build.0 = Release|Any CPU
		{01822D19-80DD-4979-BA62-FE10E4ACE5CA}.Debug|Any CPU.ActiveCfg = Debug|Any CPU
		{01822D19-80DD-4979-BA62-FE10E4ACE5CA}.Debug|Any CPU.Build.0 = Debug|Any CPU
		{01822D19-80DD-4979-BA62-FE10E4ACE5CA}.Release|Any CPU.ActiveCfg = Release|Any CPU
		{01822D19-80DD-4979-BA62-FE10E4ACE5CA}.Release|Any CPU.Build.0 = Release|Any CPU
		{D023CB3F-71C6-4925-9651-5FBA3BEF4404}.Debug|Any CPU.ActiveCfg = Debug|Any CPU
		{D023CB3F-71C6-4925-9651-5FBA3BEF4404}.Debug|Any CPU.Build.0 = Debug|Any CPU
		{D023CB3F-71C6-4925-9651-5FBA3BEF4404}.Release|Any CPU.ActiveCfg = Release|Any CPU
		{D023CB3F-71C6-4925-9651-5FBA3BEF4404}.Release|Any CPU.Build.0 = Release|Any CPU
		{20F51031-CED4-48E2-BBC2-99239D4C3A68}.Debug|Any CPU.ActiveCfg = Debug|Any CPU
		{20F51031-CED4-48E2-BBC2-99239D4C3A68}.Debug|Any CPU.Build.0 = Debug|Any CPU
		{20F51031-CED4-48E2-BBC2-99239D4C3A68}.Release|Any CPU.ActiveCfg = Release|Any CPU
		{20F51031-CED4-48E2-BBC2-99239D4C3A68}.Release|Any CPU.Build.0 = Release|Any CPU
		{17FB1646-6A55-422B-AB7C-9AEB25126D03}.Debug|Any CPU.ActiveCfg = Debug|Any CPU
		{17FB1646-6A55-422B-AB7C-9AEB25126D03}.Debug|Any CPU.Build.0 = Debug|Any CPU
		{17FB1646-6A55-422B-AB7C-9AEB25126D03}.Release|Any CPU.ActiveCfg = Release|Any CPU
		{17FB1646-6A55-422B-AB7C-9AEB25126D03}.Release|Any CPU.Build.0 = Release|Any CPU
		{A2D9D05E-00A1-456D-93DF-40CB784BB74A}.Debug|Any CPU.ActiveCfg = Debug|Any CPU
		{A2D9D05E-00A1-456D-93DF-40CB784BB74A}.Debug|Any CPU.Build.0 = Debug|Any CPU
		{A2D9D05E-00A1-456D-93DF-40CB784BB74A}.Release|Any CPU.ActiveCfg = Release|Any CPU
		{A2D9D05E-00A1-456D-93DF-40CB784BB74A}.Release|Any CPU.Build.0 = Release|Any CPU
		{46F780BE-6786-43D4-BD6D-524C86CE2101}.Debug|Any CPU.ActiveCfg = Debug|Any CPU
		{46F780BE-6786-43D4-BD6D-524C86CE2101}.Debug|Any CPU.Build.0 = Debug|Any CPU
		{46F780BE-6786-43D4-BD6D-524C86CE2101}.Release|Any CPU.ActiveCfg = Release|Any CPU
		{46F780BE-6786-43D4-BD6D-524C86CE2101}.Release|Any CPU.Build.0 = Release|Any CPU
		{634AFB40-DAF4-4A06-8C2C-95880D514C28}.Debug|Any CPU.ActiveCfg = Debug|Any CPU
		{634AFB40-DAF4-4A06-8C2C-95880D514C28}.Debug|Any CPU.Build.0 = Debug|Any CPU
		{634AFB40-DAF4-4A06-8C2C-95880D514C28}.Release|Any CPU.ActiveCfg = Release|Any CPU
		{634AFB40-DAF4-4A06-8C2C-95880D514C28}.Release|Any CPU.Build.0 = Release|Any CPU
		{D35DCF05-CE3B-4258-AF17-5D73C2A9EE86}.Debug|Any CPU.ActiveCfg = Debug|Any CPU
		{D35DCF05-CE3B-4258-AF17-5D73C2A9EE86}.Debug|Any CPU.Build.0 = Debug|Any CPU
		{D35DCF05-CE3B-4258-AF17-5D73C2A9EE86}.Release|Any CPU.ActiveCfg = Release|Any CPU
		{D35DCF05-CE3B-4258-AF17-5D73C2A9EE86}.Release|Any CPU.Build.0 = Release|Any CPU
		{61CEC52E-8F9F-4A98-87B8-9AC0E764A3D9}.Debug|Any CPU.ActiveCfg = Debug|Any CPU
		{61CEC52E-8F9F-4A98-87B8-9AC0E764A3D9}.Debug|Any CPU.Build.0 = Debug|Any CPU
		{61CEC52E-8F9F-4A98-87B8-9AC0E764A3D9}.Release|Any CPU.ActiveCfg = Release|Any CPU
		{61CEC52E-8F9F-4A98-87B8-9AC0E764A3D9}.Release|Any CPU.Build.0 = Release|Any CPU
		{7ABC44B5-2B89-44C1-8B6C-951D3169E05B}.Debug|Any CPU.ActiveCfg = Debug|Any CPU
		{7ABC44B5-2B89-44C1-8B6C-951D3169E05B}.Debug|Any CPU.Build.0 = Debug|Any CPU
		{7ABC44B5-2B89-44C1-8B6C-951D3169E05B}.Release|Any CPU.ActiveCfg = Release|Any CPU
		{7ABC44B5-2B89-44C1-8B6C-951D3169E05B}.Release|Any CPU.Build.0 = Release|Any CPU
		{30D5B2F8-59A6-408D-9697-1339B3943BA5}.Debug|Any CPU.ActiveCfg = Debug|Any CPU
		{30D5B2F8-59A6-408D-9697-1339B3943BA5}.Debug|Any CPU.Build.0 = Debug|Any CPU
		{30D5B2F8-59A6-408D-9697-1339B3943BA5}.Release|Any CPU.ActiveCfg = Release|Any CPU
		{30D5B2F8-59A6-408D-9697-1339B3943BA5}.Release|Any CPU.Build.0 = Release|Any CPU
		{5F236D80-0102-44F7-904D-26A5A910C6C0}.Debug|Any CPU.ActiveCfg = Debug|Any CPU
		{5F236D80-0102-44F7-904D-26A5A910C6C0}.Debug|Any CPU.Build.0 = Debug|Any CPU
		{5F236D80-0102-44F7-904D-26A5A910C6C0}.Release|Any CPU.ActiveCfg = Release|Any CPU
		{5F236D80-0102-44F7-904D-26A5A910C6C0}.Release|Any CPU.Build.0 = Release|Any CPU
		{33ED6810-D26B-419D-9A8E-C5F293E1431E}.Debug|Any CPU.ActiveCfg = Debug|Any CPU
		{33ED6810-D26B-419D-9A8E-C5F293E1431E}.Debug|Any CPU.Build.0 = Debug|Any CPU
		{33ED6810-D26B-419D-9A8E-C5F293E1431E}.Release|Any CPU.ActiveCfg = Release|Any CPU
		{33ED6810-D26B-419D-9A8E-C5F293E1431E}.Release|Any CPU.Build.0 = Release|Any CPU
		{2F52BD6A-C9B7-4C41-8DCE-2A50EA9F7EFA}.Debug|Any CPU.ActiveCfg = Debug|Any CPU
		{2F52BD6A-C9B7-4C41-8DCE-2A50EA9F7EFA}.Debug|Any CPU.Build.0 = Debug|Any CPU
		{2F52BD6A-C9B7-4C41-8DCE-2A50EA9F7EFA}.Release|Any CPU.ActiveCfg = Release|Any CPU
		{2F52BD6A-C9B7-4C41-8DCE-2A50EA9F7EFA}.Release|Any CPU.Build.0 = Release|Any CPU
		{1D6E38E4-399E-46F7-84E2-FFB8DC117C67}.Debug|Any CPU.ActiveCfg = Debug|Any CPU
		{1D6E38E4-399E-46F7-84E2-FFB8DC117C67}.Debug|Any CPU.Build.0 = Debug|Any CPU
		{1D6E38E4-399E-46F7-84E2-FFB8DC117C67}.Release|Any CPU.ActiveCfg = Release|Any CPU
		{1D6E38E4-399E-46F7-84E2-FFB8DC117C67}.Release|Any CPU.Build.0 = Release|Any CPU
		{9934CEBD-165C-4C04-9E1E-697C58D073CB}.Debug|Any CPU.ActiveCfg = Debug|Any CPU
		{9934CEBD-165C-4C04-9E1E-697C58D073CB}.Debug|Any CPU.Build.0 = Debug|Any CPU
		{9934CEBD-165C-4C04-9E1E-697C58D073CB}.Release|Any CPU.ActiveCfg = Release|Any CPU
		{9934CEBD-165C-4C04-9E1E-697C58D073CB}.Release|Any CPU.Build.0 = Release|Any CPU
	EndGlobalSection
	GlobalSection(NestedProjects) = preSolution
		{EAE5D07E-8455-4C33-BCD1-07EFF958E21B} = {505E86DD-3A59-4038-B109-22B3678D035E}
		{499CCE1B-A7D9-4EFA-B890-8785C137EF72} = {505E86DD-3A59-4038-B109-22B3678D035E}
		{1747E137-ABC6-4DE6-BE33-9C6B6335266F} = {505E86DD-3A59-4038-B109-22B3678D035E}
		{62BED324-A809-4740-BB44-7D0ADC88B8E3} = {505E86DD-3A59-4038-B109-22B3678D035E}
		{BA5C1A39-004B-45EC-8FB6-59DB7F80A305} = {505E86DD-3A59-4038-B109-22B3678D035E}
		{01822D19-80DD-4979-BA62-FE10E4ACE5CA} = {DF635B48-6000-45EF-AA41-01E06BA4A254}
		{20F51031-CED4-48E2-BBC2-99239D4C3A68} = {B1FC3859-B078-471F-81F2-FBB0A25C974B}
		{17FB1646-6A55-422B-AB7C-9AEB25126D03} = {505E86DD-3A59-4038-B109-22B3678D035E}
		{A2D9D05E-00A1-456D-93DF-40CB784BB74A} = {B1FC3859-B078-471F-81F2-FBB0A25C974B}
		{6DACDCA0-D8E1-4B58-ADEF-B4CE163B4483} = {DF635B48-6000-45EF-AA41-01E06BA4A254}
		{B1FC3859-B078-471F-81F2-FBB0A25C974B} = {6DACDCA0-D8E1-4B58-ADEF-B4CE163B4483}
		{D023CB3F-71C6-4925-9651-5FBA3BEF4404} = {6DACDCA0-D8E1-4B58-ADEF-B4CE163B4483}
		{43EB4457-4958-43C4-80A0-5279D3D7EE6D} = {D67D4BCC-4359-4C74-9DBA-CB17BF358263}
		{4F7FDAC2-788F-437D-8498-7EA665B4B1CA} = {D67D4BCC-4359-4C74-9DBA-CB17BF358263}
		{505E86DD-3A59-4038-B109-22B3678D035E} = {4F7FDAC2-788F-437D-8498-7EA665B4B1CA}
		{A5BA7AC2-8B16-440C-8EEB-2585187B3992} = {4F7FDAC2-788F-437D-8498-7EA665B4B1CA}
		{978FDC47-DB1D-4B49-926E-0C8598044673} = {4F7FDAC2-788F-437D-8498-7EA665B4B1CA}
		{8CAA9A5D-B054-42F7-8589-300866F8223A} = {4F7FDAC2-788F-437D-8498-7EA665B4B1CA}
		{A934DE9A-C119-4069-BC70-1B355593ADD5} = {4F7FDAC2-788F-437D-8498-7EA665B4B1CA}
		{61CEC52E-8F9F-4A98-87B8-9AC0E764A3D9} = {B1FC3859-B078-471F-81F2-FBB0A25C974B}
		{7ABC44B5-2B89-44C1-8B6C-951D3169E05B} = {B1FC3859-B078-471F-81F2-FBB0A25C974B}
		{30D5B2F8-59A6-408D-9697-1339B3943BA5} = {43EB4457-4958-43C4-80A0-5279D3D7EE6D}
		{929A1972-7C22-4700-A758-E99DF592BEBF} = {43EB4457-4958-43C4-80A0-5279D3D7EE6D}
		{D35DCF05-CE3B-4258-AF17-5D73C2A9EE86} = {929A1972-7C22-4700-A758-E99DF592BEBF}
		{46F780BE-6786-43D4-BD6D-524C86CE2101} = {929A1972-7C22-4700-A758-E99DF592BEBF}
		{634AFB40-DAF4-4A06-8C2C-95880D514C28} = {929A1972-7C22-4700-A758-E99DF592BEBF}
		{5F236D80-0102-44F7-904D-26A5A910C6C0} = {505E86DD-3A59-4038-B109-22B3678D035E}
		{33ED6810-D26B-419D-9A8E-C5F293E1431E} = {B1FC3859-B078-471F-81F2-FBB0A25C974B}
		{2F52BD6A-C9B7-4C41-8DCE-2A50EA9F7EFA} = {4F7FDAC2-788F-437D-8498-7EA665B4B1CA}
		{1D6E38E4-399E-46F7-84E2-FFB8DC117C67} = {4F7FDAC2-788F-437D-8498-7EA665B4B1CA}
		{9934CEBD-165C-4C04-9E1E-697C58D073CB} = {4F7FDAC2-788F-437D-8498-7EA665B4B1CA}
	EndGlobalSection
EndGlobal
