
Microsoft Visual Studio Solution File, Format Version 12.00
Project("{2150E333-8FDC-42A3-9474-1A3956D46DE8}") = "01 Enterprise Business Rules", "01 Enterprise Business Rules", "{F52A6787-D9E4-4743-AAA6-94047CEC9F61}"
EndProject
Project("{2150E333-8FDC-42A3-9474-1A3956D46DE8}") = "02 Application Business Rules", "02 Application Business Rules", "{DD31ECE8-A04E-4B5F-96C7-CB0F2A370996}"
EndProject
Project("{2150E333-8FDC-42A3-9474-1A3956D46DE8}") = "03 Interface Adapters", "03 Interface Adapters", "{17D66CC3-1449-4164-AE21-E2EAF5C16407}"
EndProject
Project("{2150E333-8FDC-42A3-9474-1A3956D46DE8}") = "04 Frameworks and Drivers", "04 Frameworks and Drivers", "{57A50A2B-D447-4874-A32C-2BAAC715AC2D}"
EndProject
Project("{FAE04EC0-301F-11D3-BF4B-00C04F79EFBC}") = "Interactors.Testing", "Tests\Interactors\Interactors.Testing.csproj", "{C6EF264F-FD28-49F8-9767-549EC6E048A7}"
EndProject
Project("{FAE04EC0-301F-11D3-BF4B-00C04F79EFBC}") = "Database.LiteDB.KeySwitches", "Sources\External\Database\LiteDB.KeySwitches\Database.LiteDB.KeySwitches.csproj", "{E27AD20F-D7A7-4842-8BDC-9C8422CF4618}"
EndProject
Project("{FAE04EC0-301F-11D3-BF4B-00C04F79EFBC}") = "Databases.KeySwitch.LiteDB.Testing", "Tests\External\Database.LiteDB.KeySwitch\Databases.KeySwitch.LiteDB.Testing.csproj", "{70A70B9D-A7A1-4C20-9B25-61A59C87CC7E}"
EndProject
Project("{FAE04EC0-301F-11D3-BF4B-00C04F79EFBC}") = "Json.KeySwitches", "Sources\External\Json\KeySwitches\Json.KeySwitches.csproj", "{07A4641E-50C0-4831-9CFA-0825D1AA9604}"
EndProject
Project("{FAE04EC0-301F-11D3-BF4B-00C04F79EFBC}") = "Json.KeySwitches.Testing", "Tests\External\Json.KeySwitches\Json.KeySwitches.Testing.csproj", "{471C186E-12C1-4D4A-BC9C-3F57B05B7436}"
EndProject
Project("{FAE04EC0-301F-11D3-BF4B-00C04F79EFBC}") = "Xml.KeySwitches.VstExpressionMap", "Sources\External\Xml\KeySwitches.VstExpressionMap\Xml.KeySwitches.VstExpressionMap.csproj", "{13F1DEB9-FF74-4597-906E-652953B5FF74}"
EndProject
Project("{2150E333-8FDC-42A3-9474-1A3956D46DE8}") = "Database", "Database", "{8E886F59-9606-4BC6-836F-B423F794FF67}"
EndProject
Project("{2150E333-8FDC-42A3-9474-1A3956D46DE8}") = "JSON", "JSON", "{2C2EDA27-88F5-48F9-A312-CF4AB9382661}"
EndProject
Project("{2150E333-8FDC-42A3-9474-1A3956D46DE8}") = "XML", "XML", "{E9A5A415-0027-42EC-AA51-3093A2E78E0D}"
EndProject
Project("{FAE04EC0-301F-11D3-BF4B-00C04F79EFBC}") = "Xml.KeySwitch.VstExpressionMap.Testing", "Tests\External\Xml.KeySwitch.VstExpressionMap\Xml.KeySwitch.VstExpressionMap.Testing.csproj", "{41B7D236-BAB2-4932-A275-8DB7A9F8395C}"
EndProject
Project("{2150E333-8FDC-42A3-9474-1A3956D46DE8}") = "Applications", "Applications", "{D25E9941-6ED1-455D-AD56-8F9703C1D767}"
EndProject
Project("{2150E333-8FDC-42A3-9474-1A3956D46DE8}") = "XLSX", "XLSX", "{8539D13A-3741-4582-A8BE-023D1892472E}"
EndProject
Project("{FAE04EC0-301F-11D3-BF4B-00C04F79EFBC}") = "Xlsx.KeySwitches.ClosedXml", "Sources\External\Xlsx\KeySwitches.ClosedXml\Xlsx.KeySwitches.ClosedXml.csproj", "{07B9772F-BDA6-4CE3-BB78-4F9D64B8E677}"
EndProject
Project("{FAE04EC0-301F-11D3-BF4B-00C04F79EFBC}") = "Xml.KeySwitches.StudioOne", "Sources\External\Xml\KeySwitches.StudioOne\Xml.KeySwitches.StudioOne.csproj", "{1EB82814-D84D-4A91-9379-E94B372D432C}"
EndProject
Project("{FAE04EC0-301F-11D3-BF4B-00C04F79EFBC}") = "Xml.KeySwitch.StudioOne.Testing", "Tests\External\Xml.KeySwitch.StudioOne\Xml.KeySwitch.StudioOne.Testing.csproj", "{15E38DE0-3673-43FF-BF19-75CFAF4B400A}"
EndProject
Project("{FAE04EC0-301F-11D3-BF4B-00C04F79EFBC}") = "Xlsx.KeySwitches", "Sources\External\Xlsx\KeySwitches\Xlsx.KeySwitches.csproj", "{149F6223-09CD-4BE7-B7C3-B08745C5671A}"
EndProject
Project("{FAE04EC0-301F-11D3-BF4B-00C04F79EFBC}") = "Common.Testing", "Tests\Common\Common.Testing.csproj", "{CA974169-6348-431D-96F5-B96C69EF4103}"
EndProject
Project("{FAE04EC0-301F-11D3-BF4B-00C04F79EFBC}") = "Common", "Sources\Commons\Commons.csproj", "{24D0CBC0-3D56-412F-AE95-E6EAA2554554}"
EndProject
Project("{2150E333-8FDC-42A3-9474-1A3956D46DE8}") = "Commons", "Commons", "{31CAB578-F32A-4F55-B860-814D072DC6A4}"
EndProject
Project("{FAE04EC0-301F-11D3-BF4B-00C04F79EFBC}") = "Domain.Commons", "Sources\Domain\Commons\Domain.Commons.csproj", "{A0E8752F-B900-4C25-A80E-460A09D64126}"
EndProject
Project("{FAE04EC0-301F-11D3-BF4B-00C04F79EFBC}") = "Domain.KeySwitches", "Sources\Domain\KeySwitches\Domain.KeySwitches.csproj", "{49AB9F9A-2D64-4D34-8ACF-29AEC207012C}"
EndProject
Project("{FAE04EC0-301F-11D3-BF4B-00C04F79EFBC}") = "Domain.MidiMessages", "Sources\Domain\MidiMessages\Domain.MidiMessages.csproj", "{5CA4E8D9-ABFC-4971-A6DD-DEF993F7597D}"
EndProject
Project("{FAE04EC0-301F-11D3-BF4B-00C04F79EFBC}") = "Domain.Translators", "Sources\Domain\Translators\Domain.Translators.csproj", "{6CB07C58-3905-4C14-BEAE-45D88C26090E}"
EndProject
Project("{FAE04EC0-301F-11D3-BF4B-00C04F79EFBC}") = "Domain.Testing", "Tests\Domain\Domain.Testing.csproj", "{26654AF9-73B4-41C7-BEE7-86C501903808}"
EndProject
Project("{FAE04EC0-301F-11D3-BF4B-00C04F79EFBC}") = "Interactors.KeySwitches", "Sources\Interactors\KeySwitches\Interactors.KeySwitches.csproj", "{25B6087C-3378-4C99-A1E9-C3EF3A5BEB7B}"
EndProject
Project("{FAE04EC0-301F-11D3-BF4B-00C04F79EFBC}") = "Interactors.KeySwitches.StudioOne", "Sources\Interactors\KeySwitches.StudioOne\Interactors.KeySwitches.StudioOne.csproj", "{B899E0B4-B610-4168-BC58-1DFDE6897F24}"
EndProject
Project("{FAE04EC0-301F-11D3-BF4B-00C04F79EFBC}") = "Interactors.KeySwitches.VstExpressionMap", "Sources\Interactors\KeySwitches.VstExpressionMap\Interactors.KeySwitches.VstExpressionMap.csproj", "{149B9CFA-0FDB-41F9-A4C9-3DB224699ED7}"
EndProject
Project("{2150E333-8FDC-42A3-9474-1A3956D46DE8}") = "Interactors", "Interactors", "{A1BB74B6-296D-44FE-A35C-B286294FB205}"
EndProject
Project("{2150E333-8FDC-42A3-9474-1A3956D46DE8}") = "UseCases", "UseCases", "{8062AA09-46A1-4802-B13F-87456C59455C}"
EndProject
Project("{FAE04EC0-301F-11D3-BF4B-00C04F79EFBC}") = "UseCases.KeySwitches", "Sources\UseCases\KeySwitches\UseCases.KeySwitches.csproj", "{721544EC-9776-4D54-AFB8-A786C01C1CEE}"
EndProject
Project("{FAE04EC0-301F-11D3-BF4B-00C04F79EFBC}") = "UseCases.KeySwitches.StudioOne", "Sources\UseCases\KeySwitches.StudioOne\UseCases.KeySwitches.StudioOne.csproj", "{A08F27CD-4033-410F-AA01-86899CEC9AF4}"
EndProject
Project("{FAE04EC0-301F-11D3-BF4B-00C04F79EFBC}") = "UseCases.KeySwitches.VstExpressionMap", "Sources\UseCases\KeySwitches.VstExpressionMap\UseCases.KeySwitches.VstExpressionMap.csproj", "{9B045316-5F70-481B-BCE0-8D7D0C2CC9C6}"
EndProject
Project("{2150E333-8FDC-42A3-9474-1A3956D46DE8}") = "Gateways", "Gateways", "{C75B2B80-D93D-4C92-91A5-50CCFC31056C}"
EndProject
Project("{FAE04EC0-301F-11D3-BF4B-00C04F79EFBC}") = "Gateways.KeySwitches", "Sources\Gateways\KeySwitches\Gateways.KeySwitches.csproj", "{77CAAD7B-1968-4201-A2C3-7609A711EC80}"
EndProject
Project("{2150E333-8FDC-42A3-9474-1A3956D46DE8}") = "Presenters", "Presenters", "{741C8E3E-E25D-4BBE-9F0A-E7C3BDF75FDE}"
EndProject
Project("{FAE04EC0-301F-11D3-BF4B-00C04F79EFBC}") = "Presenters.Commons", "Sources\Presenters\Commons\Presenters.Commons.csproj", "{83BD82FE-0432-4142-8A61-2B19A4179198}"
EndProject
Project("{FAE04EC0-301F-11D3-BF4B-00C04F79EFBC}") = "Presenters.KeySwitches", "Sources\Presenters\KeySwitches\Presenters.KeySwitches.csproj", "{093B5A70-DCD3-45A0-AE41-2272DC2556DF}"
EndProject
Project("{FAE04EC0-301F-11D3-BF4B-00C04F79EFBC}") = "Presenters.KeySwitches.StudioOne", "Sources\Presenters\KeySwitches.StudioOne\Presenters.KeySwitches.StudioOne.csproj", "{2F458E5D-55A4-492E-A521-19BFEA3D205E}"
EndProject
Project("{FAE04EC0-301F-11D3-BF4B-00C04F79EFBC}") = "Presenters.KeySwitches.VstExpressionMap", "Sources\Presenters\KeySwitches.VstExpressionMap\Presenters.KeySwitches.VstExpressionMap.csproj", "{52D28374-5A06-4638-B313-EEBCDAA6072D}"
EndProject
Project("{2150E333-8FDC-42A3-9474-1A3956D46DE8}") = "Runtime", "Runtime", "{D67D4BCC-4359-4C74-9DBA-CB17BF358263}"
EndProject
Project("{2150E333-8FDC-42A3-9474-1A3956D46DE8}") = "Testing", "Testing", "{DF635B48-6000-45EF-AA41-01E06BA4A254}"
EndProject
Project("{2150E333-8FDC-42A3-9474-1A3956D46DE8}") = "Domain", "Domain", "{7411BCAE-5A2E-4B4E-9FCC-D182A8BD235F}"
EndProject
Project("{2150E333-8FDC-42A3-9474-1A3956D46DE8}") = "Interactors", "Interactors", "{6C0C9DD8-2C6E-4C6D-BB7A-3C02D9DED7E6}"
EndProject
Project("{2150E333-8FDC-42A3-9474-1A3956D46DE8}") = "Externals", "Externals", "{0DAA8373-81FA-4356-BF9E-36539DF9188F}"
EndProject
Project("{2150E333-8FDC-42A3-9474-1A3956D46DE8}") = "Database", "Database", "{108FE30E-E403-4CCC-B290-97C0A9C6444E}"
EndProject
Project("{2150E333-8FDC-42A3-9474-1A3956D46DE8}") = "Json", "Json", "{0C597E19-48AE-4329-932A-FC9EDA916E23}"
EndProject
Project("{2150E333-8FDC-42A3-9474-1A3956D46DE8}") = "Xml", "Xml", "{1E831713-53E8-4641-86CE-3DDDE8AC0802}"
EndProject
Project("{FAE04EC0-301F-11D3-BF4B-00C04F79EFBC}") = "KeySwitchManager.CLI", "Sources\Applications\KeySwitchManager.CLI\KeySwitchManager.CLI.csproj", "{173A0655-8594-4160-94C6-F7E7471F95F8}"
EndProject
Project("{FAE04EC0-301F-11D3-BF4B-00C04F79EFBC}") = "UseCases.KeySwitches.Cakewalk", "Sources\UseCases\KeySwitches.Cakewalk\UseCases.KeySwitches.Cakewalk.csproj", "{032CB3F6-042F-4FE4-9CC9-4B2F3625FD2C}"
EndProject
Project("{FAE04EC0-301F-11D3-BF4B-00C04F79EFBC}") = "Interactors.KeySwitches.Cakewalk", "Sources\Interactors\KeySwitches.Cakewalk\Interactors.KeySwitches.Cakewalk.csproj", "{1F04BDDE-6330-44DD-8B37-0ABD9F64ED72}"
EndProject
Project("{FAE04EC0-301F-11D3-BF4B-00C04F79EFBC}") = "Presenters.KeySwitches.Cakewalk", "Sources\Presenters\KeySwitches.Cakewalk\Presenters.KeySwitches.Cakewalk.csproj", "{3F3FA8A9-06A3-4E57-94A7-6712A7FF1EFB}"
EndProject
Project("{FAE04EC0-301F-11D3-BF4B-00C04F79EFBC}") = "Json.KeySwitches.Cakewalk", "Sources\External\Json\KeySwitches.Cakewalk\Json.KeySwitches.Cakewalk.csproj", "{0162F56A-6162-4904-AB60-37FAC1E9239F}"
EndProject
Project("{FAE04EC0-301F-11D3-BF4B-00C04F79EFBC}") = "Json.KeySwitch.Cakewalk", "Tests\External\Json.KeySwitch.Cakewalk\Json.KeySwitch.Cakewalk.csproj", "{CDFDBAA8-2BC9-4645-83DE-06BC2BC91D0D}"
EndProject
Global
	GlobalSection(SolutionConfigurationPlatforms) = preSolution
		Debug|Any CPU = Debug|Any CPU
		Release|Any CPU = Release|Any CPU
	EndGlobalSection
	GlobalSection(ProjectConfigurationPlatforms) = postSolution
		{C6EF264F-FD28-49F8-9767-549EC6E048A7}.Debug|Any CPU.ActiveCfg = Debug|Any CPU
		{C6EF264F-FD28-49F8-9767-549EC6E048A7}.Debug|Any CPU.Build.0 = Debug|Any CPU
		{C6EF264F-FD28-49F8-9767-549EC6E048A7}.Release|Any CPU.ActiveCfg = Release|Any CPU
		{C6EF264F-FD28-49F8-9767-549EC6E048A7}.Release|Any CPU.Build.0 = Release|Any CPU
		{E27AD20F-D7A7-4842-8BDC-9C8422CF4618}.Debug|Any CPU.ActiveCfg = Debug|Any CPU
		{E27AD20F-D7A7-4842-8BDC-9C8422CF4618}.Debug|Any CPU.Build.0 = Debug|Any CPU
		{E27AD20F-D7A7-4842-8BDC-9C8422CF4618}.Release|Any CPU.ActiveCfg = Release|Any CPU
		{E27AD20F-D7A7-4842-8BDC-9C8422CF4618}.Release|Any CPU.Build.0 = Release|Any CPU
		{70A70B9D-A7A1-4C20-9B25-61A59C87CC7E}.Debug|Any CPU.ActiveCfg = Debug|Any CPU
		{70A70B9D-A7A1-4C20-9B25-61A59C87CC7E}.Debug|Any CPU.Build.0 = Debug|Any CPU
		{70A70B9D-A7A1-4C20-9B25-61A59C87CC7E}.Release|Any CPU.ActiveCfg = Release|Any CPU
		{70A70B9D-A7A1-4C20-9B25-61A59C87CC7E}.Release|Any CPU.Build.0 = Release|Any CPU
		{07A4641E-50C0-4831-9CFA-0825D1AA9604}.Debug|Any CPU.ActiveCfg = Debug|Any CPU
		{07A4641E-50C0-4831-9CFA-0825D1AA9604}.Debug|Any CPU.Build.0 = Debug|Any CPU
		{07A4641E-50C0-4831-9CFA-0825D1AA9604}.Release|Any CPU.ActiveCfg = Release|Any CPU
		{07A4641E-50C0-4831-9CFA-0825D1AA9604}.Release|Any CPU.Build.0 = Release|Any CPU
		{471C186E-12C1-4D4A-BC9C-3F57B05B7436}.Debug|Any CPU.ActiveCfg = Debug|Any CPU
		{471C186E-12C1-4D4A-BC9C-3F57B05B7436}.Debug|Any CPU.Build.0 = Debug|Any CPU
		{471C186E-12C1-4D4A-BC9C-3F57B05B7436}.Release|Any CPU.ActiveCfg = Release|Any CPU
		{471C186E-12C1-4D4A-BC9C-3F57B05B7436}.Release|Any CPU.Build.0 = Release|Any CPU
		{13F1DEB9-FF74-4597-906E-652953B5FF74}.Debug|Any CPU.ActiveCfg = Debug|Any CPU
		{13F1DEB9-FF74-4597-906E-652953B5FF74}.Debug|Any CPU.Build.0 = Debug|Any CPU
		{13F1DEB9-FF74-4597-906E-652953B5FF74}.Release|Any CPU.ActiveCfg = Release|Any CPU
		{13F1DEB9-FF74-4597-906E-652953B5FF74}.Release|Any CPU.Build.0 = Release|Any CPU
		{41B7D236-BAB2-4932-A275-8DB7A9F8395C}.Debug|Any CPU.ActiveCfg = Debug|Any CPU
		{41B7D236-BAB2-4932-A275-8DB7A9F8395C}.Debug|Any CPU.Build.0 = Debug|Any CPU
		{41B7D236-BAB2-4932-A275-8DB7A9F8395C}.Release|Any CPU.ActiveCfg = Release|Any CPU
		{41B7D236-BAB2-4932-A275-8DB7A9F8395C}.Release|Any CPU.Build.0 = Release|Any CPU
		{07B9772F-BDA6-4CE3-BB78-4F9D64B8E677}.Debug|Any CPU.ActiveCfg = Debug|Any CPU
		{07B9772F-BDA6-4CE3-BB78-4F9D64B8E677}.Debug|Any CPU.Build.0 = Debug|Any CPU
		{07B9772F-BDA6-4CE3-BB78-4F9D64B8E677}.Release|Any CPU.ActiveCfg = Release|Any CPU
		{07B9772F-BDA6-4CE3-BB78-4F9D64B8E677}.Release|Any CPU.Build.0 = Release|Any CPU
		{1EB82814-D84D-4A91-9379-E94B372D432C}.Debug|Any CPU.ActiveCfg = Debug|Any CPU
		{1EB82814-D84D-4A91-9379-E94B372D432C}.Debug|Any CPU.Build.0 = Debug|Any CPU
		{1EB82814-D84D-4A91-9379-E94B372D432C}.Release|Any CPU.ActiveCfg = Release|Any CPU
		{1EB82814-D84D-4A91-9379-E94B372D432C}.Release|Any CPU.Build.0 = Release|Any CPU
		{15E38DE0-3673-43FF-BF19-75CFAF4B400A}.Debug|Any CPU.ActiveCfg = Debug|Any CPU
		{15E38DE0-3673-43FF-BF19-75CFAF4B400A}.Debug|Any CPU.Build.0 = Debug|Any CPU
		{15E38DE0-3673-43FF-BF19-75CFAF4B400A}.Release|Any CPU.ActiveCfg = Release|Any CPU
		{15E38DE0-3673-43FF-BF19-75CFAF4B400A}.Release|Any CPU.Build.0 = Release|Any CPU
		{149F6223-09CD-4BE7-B7C3-B08745C5671A}.Debug|Any CPU.ActiveCfg = Debug|Any CPU
		{149F6223-09CD-4BE7-B7C3-B08745C5671A}.Debug|Any CPU.Build.0 = Debug|Any CPU
		{149F6223-09CD-4BE7-B7C3-B08745C5671A}.Release|Any CPU.ActiveCfg = Release|Any CPU
		{149F6223-09CD-4BE7-B7C3-B08745C5671A}.Release|Any CPU.Build.0 = Release|Any CPU
		{CA974169-6348-431D-96F5-B96C69EF4103}.Debug|Any CPU.ActiveCfg = Debug|Any CPU
		{CA974169-6348-431D-96F5-B96C69EF4103}.Debug|Any CPU.Build.0 = Debug|Any CPU
		{CA974169-6348-431D-96F5-B96C69EF4103}.Release|Any CPU.ActiveCfg = Release|Any CPU
		{CA974169-6348-431D-96F5-B96C69EF4103}.Release|Any CPU.Build.0 = Release|Any CPU
		{24D0CBC0-3D56-412F-AE95-E6EAA2554554}.Debug|Any CPU.ActiveCfg = Debug|Any CPU
		{24D0CBC0-3D56-412F-AE95-E6EAA2554554}.Debug|Any CPU.Build.0 = Debug|Any CPU
		{24D0CBC0-3D56-412F-AE95-E6EAA2554554}.Release|Any CPU.ActiveCfg = Release|Any CPU
		{24D0CBC0-3D56-412F-AE95-E6EAA2554554}.Release|Any CPU.Build.0 = Release|Any CPU
		{A0E8752F-B900-4C25-A80E-460A09D64126}.Debug|Any CPU.ActiveCfg = Debug|Any CPU
		{A0E8752F-B900-4C25-A80E-460A09D64126}.Debug|Any CPU.Build.0 = Debug|Any CPU
		{A0E8752F-B900-4C25-A80E-460A09D64126}.Release|Any CPU.ActiveCfg = Release|Any CPU
		{A0E8752F-B900-4C25-A80E-460A09D64126}.Release|Any CPU.Build.0 = Release|Any CPU
		{49AB9F9A-2D64-4D34-8ACF-29AEC207012C}.Debug|Any CPU.ActiveCfg = Debug|Any CPU
		{49AB9F9A-2D64-4D34-8ACF-29AEC207012C}.Debug|Any CPU.Build.0 = Debug|Any CPU
		{49AB9F9A-2D64-4D34-8ACF-29AEC207012C}.Release|Any CPU.ActiveCfg = Release|Any CPU
		{49AB9F9A-2D64-4D34-8ACF-29AEC207012C}.Release|Any CPU.Build.0 = Release|Any CPU
		{5CA4E8D9-ABFC-4971-A6DD-DEF993F7597D}.Debug|Any CPU.ActiveCfg = Debug|Any CPU
		{5CA4E8D9-ABFC-4971-A6DD-DEF993F7597D}.Debug|Any CPU.Build.0 = Debug|Any CPU
		{5CA4E8D9-ABFC-4971-A6DD-DEF993F7597D}.Release|Any CPU.ActiveCfg = Release|Any CPU
		{5CA4E8D9-ABFC-4971-A6DD-DEF993F7597D}.Release|Any CPU.Build.0 = Release|Any CPU
		{6CB07C58-3905-4C14-BEAE-45D88C26090E}.Debug|Any CPU.ActiveCfg = Debug|Any CPU
		{6CB07C58-3905-4C14-BEAE-45D88C26090E}.Debug|Any CPU.Build.0 = Debug|Any CPU
		{6CB07C58-3905-4C14-BEAE-45D88C26090E}.Release|Any CPU.ActiveCfg = Release|Any CPU
		{6CB07C58-3905-4C14-BEAE-45D88C26090E}.Release|Any CPU.Build.0 = Release|Any CPU
		{26654AF9-73B4-41C7-BEE7-86C501903808}.Debug|Any CPU.ActiveCfg = Debug|Any CPU
		{26654AF9-73B4-41C7-BEE7-86C501903808}.Debug|Any CPU.Build.0 = Debug|Any CPU
		{26654AF9-73B4-41C7-BEE7-86C501903808}.Release|Any CPU.ActiveCfg = Release|Any CPU
		{26654AF9-73B4-41C7-BEE7-86C501903808}.Release|Any CPU.Build.0 = Release|Any CPU
		{25B6087C-3378-4C99-A1E9-C3EF3A5BEB7B}.Debug|Any CPU.ActiveCfg = Debug|Any CPU
		{25B6087C-3378-4C99-A1E9-C3EF3A5BEB7B}.Debug|Any CPU.Build.0 = Debug|Any CPU
		{25B6087C-3378-4C99-A1E9-C3EF3A5BEB7B}.Release|Any CPU.ActiveCfg = Release|Any CPU
		{25B6087C-3378-4C99-A1E9-C3EF3A5BEB7B}.Release|Any CPU.Build.0 = Release|Any CPU
		{B899E0B4-B610-4168-BC58-1DFDE6897F24}.Debug|Any CPU.ActiveCfg = Debug|Any CPU
		{B899E0B4-B610-4168-BC58-1DFDE6897F24}.Debug|Any CPU.Build.0 = Debug|Any CPU
		{B899E0B4-B610-4168-BC58-1DFDE6897F24}.Release|Any CPU.ActiveCfg = Release|Any CPU
		{B899E0B4-B610-4168-BC58-1DFDE6897F24}.Release|Any CPU.Build.0 = Release|Any CPU
		{149B9CFA-0FDB-41F9-A4C9-3DB224699ED7}.Debug|Any CPU.ActiveCfg = Debug|Any CPU
		{149B9CFA-0FDB-41F9-A4C9-3DB224699ED7}.Debug|Any CPU.Build.0 = Debug|Any CPU
		{149B9CFA-0FDB-41F9-A4C9-3DB224699ED7}.Release|Any CPU.ActiveCfg = Release|Any CPU
		{149B9CFA-0FDB-41F9-A4C9-3DB224699ED7}.Release|Any CPU.Build.0 = Release|Any CPU
		{721544EC-9776-4D54-AFB8-A786C01C1CEE}.Debug|Any CPU.ActiveCfg = Debug|Any CPU
		{721544EC-9776-4D54-AFB8-A786C01C1CEE}.Debug|Any CPU.Build.0 = Debug|Any CPU
		{721544EC-9776-4D54-AFB8-A786C01C1CEE}.Release|Any CPU.ActiveCfg = Release|Any CPU
		{721544EC-9776-4D54-AFB8-A786C01C1CEE}.Release|Any CPU.Build.0 = Release|Any CPU
		{A08F27CD-4033-410F-AA01-86899CEC9AF4}.Debug|Any CPU.ActiveCfg = Debug|Any CPU
		{A08F27CD-4033-410F-AA01-86899CEC9AF4}.Debug|Any CPU.Build.0 = Debug|Any CPU
		{A08F27CD-4033-410F-AA01-86899CEC9AF4}.Release|Any CPU.ActiveCfg = Release|Any CPU
		{A08F27CD-4033-410F-AA01-86899CEC9AF4}.Release|Any CPU.Build.0 = Release|Any CPU
		{9B045316-5F70-481B-BCE0-8D7D0C2CC9C6}.Debug|Any CPU.ActiveCfg = Debug|Any CPU
		{9B045316-5F70-481B-BCE0-8D7D0C2CC9C6}.Debug|Any CPU.Build.0 = Debug|Any CPU
		{9B045316-5F70-481B-BCE0-8D7D0C2CC9C6}.Release|Any CPU.ActiveCfg = Release|Any CPU
		{9B045316-5F70-481B-BCE0-8D7D0C2CC9C6}.Release|Any CPU.Build.0 = Release|Any CPU
		{77CAAD7B-1968-4201-A2C3-7609A711EC80}.Debug|Any CPU.ActiveCfg = Debug|Any CPU
		{77CAAD7B-1968-4201-A2C3-7609A711EC80}.Debug|Any CPU.Build.0 = Debug|Any CPU
		{77CAAD7B-1968-4201-A2C3-7609A711EC80}.Release|Any CPU.ActiveCfg = Release|Any CPU
		{77CAAD7B-1968-4201-A2C3-7609A711EC80}.Release|Any CPU.Build.0 = Release|Any CPU
		{83BD82FE-0432-4142-8A61-2B19A4179198}.Debug|Any CPU.ActiveCfg = Debug|Any CPU
		{83BD82FE-0432-4142-8A61-2B19A4179198}.Debug|Any CPU.Build.0 = Debug|Any CPU
		{83BD82FE-0432-4142-8A61-2B19A4179198}.Release|Any CPU.ActiveCfg = Release|Any CPU
		{83BD82FE-0432-4142-8A61-2B19A4179198}.Release|Any CPU.Build.0 = Release|Any CPU
		{093B5A70-DCD3-45A0-AE41-2272DC2556DF}.Debug|Any CPU.ActiveCfg = Debug|Any CPU
		{093B5A70-DCD3-45A0-AE41-2272DC2556DF}.Debug|Any CPU.Build.0 = Debug|Any CPU
		{093B5A70-DCD3-45A0-AE41-2272DC2556DF}.Release|Any CPU.ActiveCfg = Release|Any CPU
		{093B5A70-DCD3-45A0-AE41-2272DC2556DF}.Release|Any CPU.Build.0 = Release|Any CPU
		{2F458E5D-55A4-492E-A521-19BFEA3D205E}.Debug|Any CPU.ActiveCfg = Debug|Any CPU
		{2F458E5D-55A4-492E-A521-19BFEA3D205E}.Debug|Any CPU.Build.0 = Debug|Any CPU
		{2F458E5D-55A4-492E-A521-19BFEA3D205E}.Release|Any CPU.ActiveCfg = Release|Any CPU
		{2F458E5D-55A4-492E-A521-19BFEA3D205E}.Release|Any CPU.Build.0 = Release|Any CPU
		{52D28374-5A06-4638-B313-EEBCDAA6072D}.Debug|Any CPU.ActiveCfg = Debug|Any CPU
		{52D28374-5A06-4638-B313-EEBCDAA6072D}.Debug|Any CPU.Build.0 = Debug|Any CPU
		{52D28374-5A06-4638-B313-EEBCDAA6072D}.Release|Any CPU.ActiveCfg = Release|Any CPU
		{52D28374-5A06-4638-B313-EEBCDAA6072D}.Release|Any CPU.Build.0 = Release|Any CPU
		{173A0655-8594-4160-94C6-F7E7471F95F8}.Debug|Any CPU.ActiveCfg = Debug|Any CPU
		{173A0655-8594-4160-94C6-F7E7471F95F8}.Debug|Any CPU.Build.0 = Debug|Any CPU
		{173A0655-8594-4160-94C6-F7E7471F95F8}.Release|Any CPU.ActiveCfg = Release|Any CPU
		{173A0655-8594-4160-94C6-F7E7471F95F8}.Release|Any CPU.Build.0 = Release|Any CPU
		{032CB3F6-042F-4FE4-9CC9-4B2F3625FD2C}.Debug|Any CPU.ActiveCfg = Debug|Any CPU
		{032CB3F6-042F-4FE4-9CC9-4B2F3625FD2C}.Debug|Any CPU.Build.0 = Debug|Any CPU
		{032CB3F6-042F-4FE4-9CC9-4B2F3625FD2C}.Release|Any CPU.ActiveCfg = Release|Any CPU
		{032CB3F6-042F-4FE4-9CC9-4B2F3625FD2C}.Release|Any CPU.Build.0 = Release|Any CPU
		{1F04BDDE-6330-44DD-8B37-0ABD9F64ED72}.Debug|Any CPU.ActiveCfg = Debug|Any CPU
		{1F04BDDE-6330-44DD-8B37-0ABD9F64ED72}.Debug|Any CPU.Build.0 = Debug|Any CPU
		{1F04BDDE-6330-44DD-8B37-0ABD9F64ED72}.Release|Any CPU.ActiveCfg = Release|Any CPU
		{1F04BDDE-6330-44DD-8B37-0ABD9F64ED72}.Release|Any CPU.Build.0 = Release|Any CPU
		{3F3FA8A9-06A3-4E57-94A7-6712A7FF1EFB}.Debug|Any CPU.ActiveCfg = Debug|Any CPU
		{3F3FA8A9-06A3-4E57-94A7-6712A7FF1EFB}.Debug|Any CPU.Build.0 = Debug|Any CPU
		{3F3FA8A9-06A3-4E57-94A7-6712A7FF1EFB}.Release|Any CPU.ActiveCfg = Release|Any CPU
		{3F3FA8A9-06A3-4E57-94A7-6712A7FF1EFB}.Release|Any CPU.Build.0 = Release|Any CPU
		{0162F56A-6162-4904-AB60-37FAC1E9239F}.Debug|Any CPU.ActiveCfg = Debug|Any CPU
		{0162F56A-6162-4904-AB60-37FAC1E9239F}.Debug|Any CPU.Build.0 = Debug|Any CPU
		{0162F56A-6162-4904-AB60-37FAC1E9239F}.Release|Any CPU.ActiveCfg = Release|Any CPU
		{0162F56A-6162-4904-AB60-37FAC1E9239F}.Release|Any CPU.Build.0 = Release|Any CPU
		{CDFDBAA8-2BC9-4645-83DE-06BC2BC91D0D}.Debug|Any CPU.ActiveCfg = Debug|Any CPU
		{CDFDBAA8-2BC9-4645-83DE-06BC2BC91D0D}.Debug|Any CPU.Build.0 = Debug|Any CPU
		{CDFDBAA8-2BC9-4645-83DE-06BC2BC91D0D}.Release|Any CPU.ActiveCfg = Release|Any CPU
		{CDFDBAA8-2BC9-4645-83DE-06BC2BC91D0D}.Release|Any CPU.Build.0 = Release|Any CPU
	EndGlobalSection
	GlobalSection(NestedProjects) = preSolution
		{8E886F59-9606-4BC6-836F-B423F794FF67} = {57A50A2B-D447-4874-A32C-2BAAC715AC2D}
		{E27AD20F-D7A7-4842-8BDC-9C8422CF4618} = {8E886F59-9606-4BC6-836F-B423F794FF67}
		{2C2EDA27-88F5-48F9-A312-CF4AB9382661} = {57A50A2B-D447-4874-A32C-2BAAC715AC2D}
		{07A4641E-50C0-4831-9CFA-0825D1AA9604} = {2C2EDA27-88F5-48F9-A312-CF4AB9382661}
		{E9A5A415-0027-42EC-AA51-3093A2E78E0D} = {57A50A2B-D447-4874-A32C-2BAAC715AC2D}
		{13F1DEB9-FF74-4597-906E-652953B5FF74} = {E9A5A415-0027-42EC-AA51-3093A2E78E0D}
		{8539D13A-3741-4582-A8BE-023D1892472E} = {57A50A2B-D447-4874-A32C-2BAAC715AC2D}
		{07B9772F-BDA6-4CE3-BB78-4F9D64B8E677} = {8539D13A-3741-4582-A8BE-023D1892472E}
		{1EB82814-D84D-4A91-9379-E94B372D432C} = {E9A5A415-0027-42EC-AA51-3093A2E78E0D}
		{149F6223-09CD-4BE7-B7C3-B08745C5671A} = {8539D13A-3741-4582-A8BE-023D1892472E}
		{24D0CBC0-3D56-412F-AE95-E6EAA2554554} = {31CAB578-F32A-4F55-B860-814D072DC6A4}
		{A0E8752F-B900-4C25-A80E-460A09D64126} = {F52A6787-D9E4-4743-AAA6-94047CEC9F61}
		{49AB9F9A-2D64-4D34-8ACF-29AEC207012C} = {F52A6787-D9E4-4743-AAA6-94047CEC9F61}
		{5CA4E8D9-ABFC-4971-A6DD-DEF993F7597D} = {F52A6787-D9E4-4743-AAA6-94047CEC9F61}
		{6CB07C58-3905-4C14-BEAE-45D88C26090E} = {F52A6787-D9E4-4743-AAA6-94047CEC9F61}
		{A1BB74B6-296D-44FE-A35C-B286294FB205} = {DD31ECE8-A04E-4B5F-96C7-CB0F2A370996}
		{25B6087C-3378-4C99-A1E9-C3EF3A5BEB7B} = {A1BB74B6-296D-44FE-A35C-B286294FB205}
		{B899E0B4-B610-4168-BC58-1DFDE6897F24} = {A1BB74B6-296D-44FE-A35C-B286294FB205}
		{149B9CFA-0FDB-41F9-A4C9-3DB224699ED7} = {A1BB74B6-296D-44FE-A35C-B286294FB205}
		{8062AA09-46A1-4802-B13F-87456C59455C} = {DD31ECE8-A04E-4B5F-96C7-CB0F2A370996}
		{721544EC-9776-4D54-AFB8-A786C01C1CEE} = {8062AA09-46A1-4802-B13F-87456C59455C}
		{A08F27CD-4033-410F-AA01-86899CEC9AF4} = {8062AA09-46A1-4802-B13F-87456C59455C}
		{9B045316-5F70-481B-BCE0-8D7D0C2CC9C6} = {8062AA09-46A1-4802-B13F-87456C59455C}
		{C75B2B80-D93D-4C92-91A5-50CCFC31056C} = {17D66CC3-1449-4164-AE21-E2EAF5C16407}
		{77CAAD7B-1968-4201-A2C3-7609A711EC80} = {C75B2B80-D93D-4C92-91A5-50CCFC31056C}
		{741C8E3E-E25D-4BBE-9F0A-E7C3BDF75FDE} = {17D66CC3-1449-4164-AE21-E2EAF5C16407}
		{83BD82FE-0432-4142-8A61-2B19A4179198} = {741C8E3E-E25D-4BBE-9F0A-E7C3BDF75FDE}
		{093B5A70-DCD3-45A0-AE41-2272DC2556DF} = {741C8E3E-E25D-4BBE-9F0A-E7C3BDF75FDE}
		{2F458E5D-55A4-492E-A521-19BFEA3D205E} = {741C8E3E-E25D-4BBE-9F0A-E7C3BDF75FDE}
		{52D28374-5A06-4638-B313-EEBCDAA6072D} = {741C8E3E-E25D-4BBE-9F0A-E7C3BDF75FDE}
		{F52A6787-D9E4-4743-AAA6-94047CEC9F61} = {D67D4BCC-4359-4C74-9DBA-CB17BF358263}
		{DD31ECE8-A04E-4B5F-96C7-CB0F2A370996} = {D67D4BCC-4359-4C74-9DBA-CB17BF358263}
		{17D66CC3-1449-4164-AE21-E2EAF5C16407} = {D67D4BCC-4359-4C74-9DBA-CB17BF358263}
		{57A50A2B-D447-4874-A32C-2BAAC715AC2D} = {D67D4BCC-4359-4C74-9DBA-CB17BF358263}
		{D25E9941-6ED1-455D-AD56-8F9703C1D767} = {D67D4BCC-4359-4C74-9DBA-CB17BF358263}
		{31CAB578-F32A-4F55-B860-814D072DC6A4} = {D67D4BCC-4359-4C74-9DBA-CB17BF358263}
		{7411BCAE-5A2E-4B4E-9FCC-D182A8BD235F} = {DF635B48-6000-45EF-AA41-01E06BA4A254}
		{26654AF9-73B4-41C7-BEE7-86C501903808} = {7411BCAE-5A2E-4B4E-9FCC-D182A8BD235F}
		{6C0C9DD8-2C6E-4C6D-BB7A-3C02D9DED7E6} = {DF635B48-6000-45EF-AA41-01E06BA4A254}
		{C6EF264F-FD28-49F8-9767-549EC6E048A7} = {6C0C9DD8-2C6E-4C6D-BB7A-3C02D9DED7E6}
		{0DAA8373-81FA-4356-BF9E-36539DF9188F} = {DF635B48-6000-45EF-AA41-01E06BA4A254}
		{108FE30E-E403-4CCC-B290-97C0A9C6444E} = {0DAA8373-81FA-4356-BF9E-36539DF9188F}
		{0C597E19-48AE-4329-932A-FC9EDA916E23} = {0DAA8373-81FA-4356-BF9E-36539DF9188F}
		{1E831713-53E8-4641-86CE-3DDDE8AC0802} = {0DAA8373-81FA-4356-BF9E-36539DF9188F}
		{70A70B9D-A7A1-4C20-9B25-61A59C87CC7E} = {108FE30E-E403-4CCC-B290-97C0A9C6444E}
		{471C186E-12C1-4D4A-BC9C-3F57B05B7436} = {0C597E19-48AE-4329-932A-FC9EDA916E23}
		{15E38DE0-3673-43FF-BF19-75CFAF4B400A} = {1E831713-53E8-4641-86CE-3DDDE8AC0802}
		{41B7D236-BAB2-4932-A275-8DB7A9F8395C} = {1E831713-53E8-4641-86CE-3DDDE8AC0802}
		{CA974169-6348-431D-96F5-B96C69EF4103} = {DF635B48-6000-45EF-AA41-01E06BA4A254}
		{173A0655-8594-4160-94C6-F7E7471F95F8} = {D25E9941-6ED1-455D-AD56-8F9703C1D767}
		{032CB3F6-042F-4FE4-9CC9-4B2F3625FD2C} = {8062AA09-46A1-4802-B13F-87456C59455C}
		{1F04BDDE-6330-44DD-8B37-0ABD9F64ED72} = {A1BB74B6-296D-44FE-A35C-B286294FB205}
		{3F3FA8A9-06A3-4E57-94A7-6712A7FF1EFB} = {741C8E3E-E25D-4BBE-9F0A-E7C3BDF75FDE}
		{0162F56A-6162-4904-AB60-37FAC1E9239F} = {2C2EDA27-88F5-48F9-A312-CF4AB9382661}
		{CDFDBAA8-2BC9-4645-83DE-06BC2BC91D0D} = {0C597E19-48AE-4329-932A-FC9EDA916E23}
	EndGlobalSection
EndGlobal
