
Microsoft Visual Studio Solution File, Format Version 12.00
Project("{2150E333-8FDC-42A3-9474-1A3956D46DE8}") = "01 Enterprise Business Rules", "01 Enterprise Business Rules", "{F52A6787-D9E4-4743-AAA6-94047CEC9F61}"
EndProject
Project("{2150E333-8FDC-42A3-9474-1A3956D46DE8}") = "02 Application Business Rules", "02 Application Business Rules", "{DD31ECE8-A04E-4B5F-96C7-CB0F2A370996}"
EndProject
Project("{2150E333-8FDC-42A3-9474-1A3956D46DE8}") = "03 Interface Adapters", "03 Interface Adapters", "{17D66CC3-1449-4164-AE21-E2EAF5C16407}"
EndProject
Project("{2150E333-8FDC-42A3-9474-1A3956D46DE8}") = "04 Frameworks and Drivers", "04 Frameworks and Drivers", "{57A50A2B-D447-4874-A32C-2BAAC715AC2D}"
EndProject
Project("{FAE04EC0-301F-11D3-BF4B-00C04F79EFBC}") = "Domain", "Domain\Domain.csproj", "{B61EB68B-0994-425F-BD54-0AC1A89D14E9}"
EndProject
Project("{FAE04EC0-301F-11D3-BF4B-00C04F79EFBC}") = "Common", "Common\Common.csproj", "{D71E2EA1-6713-4820-B686-52CA559B0BBF}"
EndProject
Project("{FAE04EC0-301F-11D3-BF4B-00C04F79EFBC}") = "Domain.Testing", "Domain.Testing\Domain.Testing.csproj", "{26524597-5E83-4FB3-9CBA-6CDAD3A0296F}"
EndProject
Project("{FAE04EC0-301F-11D3-BF4B-00C04F79EFBC}") = "UseCases", "UseCases\UseCases.csproj", "{2007D73D-2A66-41B5-A94B-104EB7D78B37}"
EndProject
Project("{FAE04EC0-301F-11D3-BF4B-00C04F79EFBC}") = "Interactors", "Interactors\Interactors.csproj", "{7ECCCB05-2C51-4491-81A5-AF24E7B355F6}"
EndProject
Project("{FAE04EC0-301F-11D3-BF4B-00C04F79EFBC}") = "Presenters", "Presenters\Presenters.csproj", "{A31FB6E0-791C-494B-99E7-B6F91505C3C9}"
EndProject
Project("{FAE04EC0-301F-11D3-BF4B-00C04F79EFBC}") = "Gateways.Articulations", "Gateways.Articulations\Gateways.Articulations.csproj", "{A6DAE468-A33B-4DB6-9EBD-8FAE37362874}"
EndProject
Project("{FAE04EC0-301F-11D3-BF4B-00C04F79EFBC}") = "Interactors.Testing", "Interactors.Testing\Interactors.Testing.csproj", "{C6EF264F-FD28-49F8-9767-549EC6E048A7}"
EndProject
Project("{FAE04EC0-301F-11D3-BF4B-00C04F79EFBC}") = "Databases.LiteDB", "External\Databases.LiteDB\Databases.LiteDB.csproj", "{E27AD20F-D7A7-4842-8BDC-9C8422CF4618}"
EndProject
Project("{FAE04EC0-301F-11D3-BF4B-00C04F79EFBC}") = "Databases.LiteDB.Testing", "External\Databases.LiteDB.Testing\Databases.LiteDB.Testing.csproj", "{70A70B9D-A7A1-4C20-9B25-61A59C87CC7E}"
EndProject
Project("{FAE04EC0-301F-11D3-BF4B-00C04F79EFBC}") = "Json", "External\Json\Json.csproj", "{07A4641E-50C0-4831-9CFA-0825D1AA9604}"
EndProject
Project("{FAE04EC0-301F-11D3-BF4B-00C04F79EFBC}") = "Json.Testing", "External\Json.Testing\Json.Testing.csproj", "{471C186E-12C1-4D4A-BC9C-3F57B05B7436}"
EndProject
Project("{FAE04EC0-301F-11D3-BF4B-00C04F79EFBC}") = "Common.Testing", "Common.Testing\Common.Testing.csproj", "{F086E563-DFF7-406D-8819-B17ABF422A6F}"
EndProject
Global
	GlobalSection(SolutionConfigurationPlatforms) = preSolution
		Debug|Any CPU = Debug|Any CPU
		Release|Any CPU = Release|Any CPU
	EndGlobalSection
	GlobalSection(ProjectConfigurationPlatforms) = postSolution
		{B61EB68B-0994-425F-BD54-0AC1A89D14E9}.Debug|Any CPU.ActiveCfg = Debug|Any CPU
		{B61EB68B-0994-425F-BD54-0AC1A89D14E9}.Debug|Any CPU.Build.0 = Debug|Any CPU
		{B61EB68B-0994-425F-BD54-0AC1A89D14E9}.Release|Any CPU.ActiveCfg = Release|Any CPU
		{B61EB68B-0994-425F-BD54-0AC1A89D14E9}.Release|Any CPU.Build.0 = Release|Any CPU
		{D71E2EA1-6713-4820-B686-52CA559B0BBF}.Debug|Any CPU.ActiveCfg = Debug|Any CPU
		{D71E2EA1-6713-4820-B686-52CA559B0BBF}.Debug|Any CPU.Build.0 = Debug|Any CPU
		{D71E2EA1-6713-4820-B686-52CA559B0BBF}.Release|Any CPU.ActiveCfg = Release|Any CPU
		{D71E2EA1-6713-4820-B686-52CA559B0BBF}.Release|Any CPU.Build.0 = Release|Any CPU
		{26524597-5E83-4FB3-9CBA-6CDAD3A0296F}.Debug|Any CPU.ActiveCfg = Debug|Any CPU
		{26524597-5E83-4FB3-9CBA-6CDAD3A0296F}.Debug|Any CPU.Build.0 = Debug|Any CPU
		{26524597-5E83-4FB3-9CBA-6CDAD3A0296F}.Release|Any CPU.ActiveCfg = Release|Any CPU
		{26524597-5E83-4FB3-9CBA-6CDAD3A0296F}.Release|Any CPU.Build.0 = Release|Any CPU
		{2007D73D-2A66-41B5-A94B-104EB7D78B37}.Debug|Any CPU.ActiveCfg = Debug|Any CPU
		{2007D73D-2A66-41B5-A94B-104EB7D78B37}.Debug|Any CPU.Build.0 = Debug|Any CPU
		{2007D73D-2A66-41B5-A94B-104EB7D78B37}.Release|Any CPU.ActiveCfg = Release|Any CPU
		{2007D73D-2A66-41B5-A94B-104EB7D78B37}.Release|Any CPU.Build.0 = Release|Any CPU
		{7ECCCB05-2C51-4491-81A5-AF24E7B355F6}.Debug|Any CPU.ActiveCfg = Debug|Any CPU
		{7ECCCB05-2C51-4491-81A5-AF24E7B355F6}.Debug|Any CPU.Build.0 = Debug|Any CPU
		{7ECCCB05-2C51-4491-81A5-AF24E7B355F6}.Release|Any CPU.ActiveCfg = Release|Any CPU
		{7ECCCB05-2C51-4491-81A5-AF24E7B355F6}.Release|Any CPU.Build.0 = Release|Any CPU
		{A31FB6E0-791C-494B-99E7-B6F91505C3C9}.Debug|Any CPU.ActiveCfg = Debug|Any CPU
		{A31FB6E0-791C-494B-99E7-B6F91505C3C9}.Debug|Any CPU.Build.0 = Debug|Any CPU
		{A31FB6E0-791C-494B-99E7-B6F91505C3C9}.Release|Any CPU.ActiveCfg = Release|Any CPU
		{A31FB6E0-791C-494B-99E7-B6F91505C3C9}.Release|Any CPU.Build.0 = Release|Any CPU
		{A6DAE468-A33B-4DB6-9EBD-8FAE37362874}.Debug|Any CPU.ActiveCfg = Debug|Any CPU
		{A6DAE468-A33B-4DB6-9EBD-8FAE37362874}.Debug|Any CPU.Build.0 = Debug|Any CPU
		{A6DAE468-A33B-4DB6-9EBD-8FAE37362874}.Release|Any CPU.ActiveCfg = Release|Any CPU
		{A6DAE468-A33B-4DB6-9EBD-8FAE37362874}.Release|Any CPU.Build.0 = Release|Any CPU
		{C6EF264F-FD28-49F8-9767-549EC6E048A7}.Debug|Any CPU.ActiveCfg = Debug|Any CPU
		{C6EF264F-FD28-49F8-9767-549EC6E048A7}.Debug|Any CPU.Build.0 = Debug|Any CPU
		{C6EF264F-FD28-49F8-9767-549EC6E048A7}.Release|Any CPU.ActiveCfg = Release|Any CPU
		{C6EF264F-FD28-49F8-9767-549EC6E048A7}.Release|Any CPU.Build.0 = Release|Any CPU
		{E27AD20F-D7A7-4842-8BDC-9C8422CF4618}.Debug|Any CPU.ActiveCfg = Debug|Any CPU
		{E27AD20F-D7A7-4842-8BDC-9C8422CF4618}.Debug|Any CPU.Build.0 = Debug|Any CPU
		{E27AD20F-D7A7-4842-8BDC-9C8422CF4618}.Release|Any CPU.ActiveCfg = Release|Any CPU
		{E27AD20F-D7A7-4842-8BDC-9C8422CF4618}.Release|Any CPU.Build.0 = Release|Any CPU
		{70A70B9D-A7A1-4C20-9B25-61A59C87CC7E}.Debug|Any CPU.ActiveCfg = Debug|Any CPU
		{70A70B9D-A7A1-4C20-9B25-61A59C87CC7E}.Debug|Any CPU.Build.0 = Debug|Any CPU
		{70A70B9D-A7A1-4C20-9B25-61A59C87CC7E}.Release|Any CPU.ActiveCfg = Release|Any CPU
		{70A70B9D-A7A1-4C20-9B25-61A59C87CC7E}.Release|Any CPU.Build.0 = Release|Any CPU
		{07A4641E-50C0-4831-9CFA-0825D1AA9604}.Debug|Any CPU.ActiveCfg = Debug|Any CPU
		{07A4641E-50C0-4831-9CFA-0825D1AA9604}.Debug|Any CPU.Build.0 = Debug|Any CPU
		{07A4641E-50C0-4831-9CFA-0825D1AA9604}.Release|Any CPU.ActiveCfg = Release|Any CPU
		{07A4641E-50C0-4831-9CFA-0825D1AA9604}.Release|Any CPU.Build.0 = Release|Any CPU
		{471C186E-12C1-4D4A-BC9C-3F57B05B7436}.Debug|Any CPU.ActiveCfg = Debug|Any CPU
		{471C186E-12C1-4D4A-BC9C-3F57B05B7436}.Debug|Any CPU.Build.0 = Debug|Any CPU
		{471C186E-12C1-4D4A-BC9C-3F57B05B7436}.Release|Any CPU.ActiveCfg = Release|Any CPU
		{471C186E-12C1-4D4A-BC9C-3F57B05B7436}.Release|Any CPU.Build.0 = Release|Any CPU
		{F086E563-DFF7-406D-8819-B17ABF422A6F}.Debug|Any CPU.ActiveCfg = Debug|Any CPU
		{F086E563-DFF7-406D-8819-B17ABF422A6F}.Debug|Any CPU.Build.0 = Debug|Any CPU
		{F086E563-DFF7-406D-8819-B17ABF422A6F}.Release|Any CPU.ActiveCfg = Release|Any CPU
		{F086E563-DFF7-406D-8819-B17ABF422A6F}.Release|Any CPU.Build.0 = Release|Any CPU
	EndGlobalSection
	GlobalSection(NestedProjects) = preSolution
		{B61EB68B-0994-425F-BD54-0AC1A89D14E9} = {F52A6787-D9E4-4743-AAA6-94047CEC9F61}
		{26524597-5E83-4FB3-9CBA-6CDAD3A0296F} = {F52A6787-D9E4-4743-AAA6-94047CEC9F61}
		{2007D73D-2A66-41B5-A94B-104EB7D78B37} = {DD31ECE8-A04E-4B5F-96C7-CB0F2A370996}
		{7ECCCB05-2C51-4491-81A5-AF24E7B355F6} = {DD31ECE8-A04E-4B5F-96C7-CB0F2A370996}
		{A31FB6E0-791C-494B-99E7-B6F91505C3C9} = {17D66CC3-1449-4164-AE21-E2EAF5C16407}
		{A6DAE468-A33B-4DB6-9EBD-8FAE37362874} = {17D66CC3-1449-4164-AE21-E2EAF5C16407}
		{C6EF264F-FD28-49F8-9767-549EC6E048A7} = {DD31ECE8-A04E-4B5F-96C7-CB0F2A370996}
		{E27AD20F-D7A7-4842-8BDC-9C8422CF4618} = {57A50A2B-D447-4874-A32C-2BAAC715AC2D}
		{70A70B9D-A7A1-4C20-9B25-61A59C87CC7E} = {57A50A2B-D447-4874-A32C-2BAAC715AC2D}
		{07A4641E-50C0-4831-9CFA-0825D1AA9604} = {57A50A2B-D447-4874-A32C-2BAAC715AC2D}
		{471C186E-12C1-4D4A-BC9C-3F57B05B7436} = {57A50A2B-D447-4874-A32C-2BAAC715AC2D}
	EndGlobalSection
EndGlobal
