
Microsoft Visual Studio Solution File, Format Version 12.00
Project("{2150E333-8FDC-42A3-9474-1A3956D46DE8}") = "01 Enterprise Business Rules", "01 Enterprise Business Rules", "{F52A6787-D9E4-4743-AAA6-94047CEC9F61}"
EndProject
Project("{2150E333-8FDC-42A3-9474-1A3956D46DE8}") = "02 Application Business Rules", "02 Application Business Rules", "{DD31ECE8-A04E-4B5F-96C7-CB0F2A370996}"
EndProject
Project("{2150E333-8FDC-42A3-9474-1A3956D46DE8}") = "03 Interface Adapters", "03 Interface Adapters", "{17D66CC3-1449-4164-AE21-E2EAF5C16407}"
EndProject
Project("{2150E333-8FDC-42A3-9474-1A3956D46DE8}") = "04 Frameworks and Drivers", "04 Frameworks and Drivers", "{57A50A2B-D447-4874-A32C-2BAAC715AC2D}"
EndProject
Project("{FAE04EC0-301F-11D3-BF4B-00C04F79EFBC}") = "Domain", "Domain\Domain.csproj", "{B61EB68B-0994-425F-BD54-0AC1A89D14E9}"
EndProject
Project("{FAE04EC0-301F-11D3-BF4B-00C04F79EFBC}") = "Common", "Common\Common.csproj", "{D71E2EA1-6713-4820-B686-52CA559B0BBF}"
EndProject
Project("{FAE04EC0-301F-11D3-BF4B-00C04F79EFBC}") = "Domain.Testing", "Domain.Testing\Domain.Testing.csproj", "{26524597-5E83-4FB3-9CBA-6CDAD3A0296F}"
EndProject
Project("{FAE04EC0-301F-11D3-BF4B-00C04F79EFBC}") = "UseCases", "UseCases\UseCases.csproj", "{2007D73D-2A66-41B5-A94B-104EB7D78B37}"
EndProject
Project("{FAE04EC0-301F-11D3-BF4B-00C04F79EFBC}") = "Interactors", "Interactors\Interactors.csproj", "{7ECCCB05-2C51-4491-81A5-AF24E7B355F6}"
EndProject
Project("{FAE04EC0-301F-11D3-BF4B-00C04F79EFBC}") = "Presenters", "Presenters\Presenters.csproj", "{A31FB6E0-791C-494B-99E7-B6F91505C3C9}"
EndProject
Project("{FAE04EC0-301F-11D3-BF4B-00C04F79EFBC}") = "Gateways", "Gateways\Gateways.csproj", "{A6DAE468-A33B-4DB6-9EBD-8FAE37362874}"
EndProject
Project("{FAE04EC0-301F-11D3-BF4B-00C04F79EFBC}") = "Interactors.Testing", "Interactors.Testing\Interactors.Testing.csproj", "{C6EF264F-FD28-49F8-9767-549EC6E048A7}"
EndProject
Project("{FAE04EC0-301F-11D3-BF4B-00C04F79EFBC}") = "Databases.LiteDB.KeySwitches", "External\Databases.LiteDB.KeySwitches\Databases.LiteDB.KeySwitches.csproj", "{E27AD20F-D7A7-4842-8BDC-9C8422CF4618}"
EndProject
Project("{FAE04EC0-301F-11D3-BF4B-00C04F79EFBC}") = "Databases.LiteDB.KeySwitches.Testing", "External\Databases.LiteDB.KeySwitches.Testing\Databases.LiteDB.KeySwitches.Testing.csproj", "{70A70B9D-A7A1-4C20-9B25-61A59C87CC7E}"
EndProject
Project("{FAE04EC0-301F-11D3-BF4B-00C04F79EFBC}") = "Json.KeySwitches", "External\Json.KeySwitches\Json.KeySwitches.csproj", "{07A4641E-50C0-4831-9CFA-0825D1AA9604}"
EndProject
Project("{FAE04EC0-301F-11D3-BF4B-00C04F79EFBC}") = "Json.KeySwitches.Testing", "External\Json.KeySwitches.Testing\Json.KeySwitches.Testing.csproj", "{471C186E-12C1-4D4A-BC9C-3F57B05B7436}"
EndProject
Project("{FAE04EC0-301F-11D3-BF4B-00C04F79EFBC}") = "Common.Testing", "Common.Testing\Common.Testing.csproj", "{F086E563-DFF7-406D-8819-B17ABF422A6F}"
EndProject
Project("{FAE04EC0-301F-11D3-BF4B-00C04F79EFBC}") = "Xml.VstExpressionMap", "External\Xml.VstExpressionMap\Xml.VstExpressionMap.csproj", "{13F1DEB9-FF74-4597-906E-652953B5FF74}"
EndProject
Project("{2150E333-8FDC-42A3-9474-1A3956D46DE8}") = "Databases", "Databases", "{8E886F59-9606-4BC6-836F-B423F794FF67}"
EndProject
Project("{2150E333-8FDC-42A3-9474-1A3956D46DE8}") = "JSON", "JSON", "{2C2EDA27-88F5-48F9-A312-CF4AB9382661}"
EndProject
Project("{2150E333-8FDC-42A3-9474-1A3956D46DE8}") = "XML", "XML", "{E9A5A415-0027-42EC-AA51-3093A2E78E0D}"
EndProject
Project("{FAE04EC0-301F-11D3-BF4B-00C04F79EFBC}") = "Xml.VstExpressionMap.Testing", "External\Xml.VstExpressionMap.Testing\Xml.VstExpressionMap.Testing.csproj", "{41B7D236-BAB2-4932-A275-8DB7A9F8395C}"
EndProject
Project("{2150E333-8FDC-42A3-9474-1A3956D46DE8}") = "Applications.CLI", "Applications.CLI", "{D25E9941-6ED1-455D-AD56-8F9703C1D767}"
EndProject
Project("{FAE04EC0-301F-11D3-BF4B-00C04F79EFBC}") = "Applications.CLI", "Applications.CLI\Applications.CLI.csproj", "{530BB058-C61C-4DC2-9628-B503DF3B8C55}"
EndProject
Project("{2150E333-8FDC-42A3-9474-1A3956D46DE8}") = "XLSX", "XLSX", "{8539D13A-3741-4582-A8BE-023D1892472E}"
EndProject
Project("{FAE04EC0-301F-11D3-BF4B-00C04F79EFBC}") = "Xlsx.KeySwitches.ClosedXml", "External\Xlsx.KeySwitches.ClosedXml\Xlsx.KeySwitches.ClosedXml.csproj", "{07B9772F-BDA6-4CE3-BB78-4F9D64B8E677}"
EndProject
Project("{FAE04EC0-301F-11D3-BF4B-00C04F79EFBC}") = "Xml.StudioOne.KeySwitch", "External\Xml.StudioOne.KeySwitch\Xml.StudioOne.KeySwitch.csproj", "{1EB82814-D84D-4A91-9379-E94B372D432C}"
EndProject
Project("{FAE04EC0-301F-11D3-BF4B-00C04F79EFBC}") = "Xml.StudioOne.KeySwitch.Testing", "External\Xml.StudioOne.KeySwitch.Testing\Xml.StudioOne.KeySwitch.Testing.csproj", "{15E38DE0-3673-43FF-BF19-75CFAF4B400A}"
EndProject
Project("{FAE04EC0-301F-11D3-BF4B-00C04F79EFBC}") = "Xlsx.KeySwitches", "External\Xlsx.KeySwitches\Xlsx.KeySwitches.csproj", "{149F6223-09CD-4BE7-B7C3-B08745C5671A}"
EndProject
Global
	GlobalSection(SolutionConfigurationPlatforms) = preSolution
		Debug|Any CPU = Debug|Any CPU
		Release|Any CPU = Release|Any CPU
	EndGlobalSection
	GlobalSection(ProjectConfigurationPlatforms) = postSolution
		{B61EB68B-0994-425F-BD54-0AC1A89D14E9}.Debug|Any CPU.ActiveCfg = Debug|Any CPU
		{B61EB68B-0994-425F-BD54-0AC1A89D14E9}.Debug|Any CPU.Build.0 = Debug|Any CPU
		{B61EB68B-0994-425F-BD54-0AC1A89D14E9}.Release|Any CPU.ActiveCfg = Release|Any CPU
		{B61EB68B-0994-425F-BD54-0AC1A89D14E9}.Release|Any CPU.Build.0 = Release|Any CPU
		{D71E2EA1-6713-4820-B686-52CA559B0BBF}.Debug|Any CPU.ActiveCfg = Debug|Any CPU
		{D71E2EA1-6713-4820-B686-52CA559B0BBF}.Debug|Any CPU.Build.0 = Debug|Any CPU
		{D71E2EA1-6713-4820-B686-52CA559B0BBF}.Release|Any CPU.ActiveCfg = Release|Any CPU
		{D71E2EA1-6713-4820-B686-52CA559B0BBF}.Release|Any CPU.Build.0 = Release|Any CPU
		{26524597-5E83-4FB3-9CBA-6CDAD3A0296F}.Debug|Any CPU.ActiveCfg = Debug|Any CPU
		{26524597-5E83-4FB3-9CBA-6CDAD3A0296F}.Debug|Any CPU.Build.0 = Debug|Any CPU
		{26524597-5E83-4FB3-9CBA-6CDAD3A0296F}.Release|Any CPU.ActiveCfg = Release|Any CPU
		{26524597-5E83-4FB3-9CBA-6CDAD3A0296F}.Release|Any CPU.Build.0 = Release|Any CPU
		{2007D73D-2A66-41B5-A94B-104EB7D78B37}.Debug|Any CPU.ActiveCfg = Debug|Any CPU
		{2007D73D-2A66-41B5-A94B-104EB7D78B37}.Debug|Any CPU.Build.0 = Debug|Any CPU
		{2007D73D-2A66-41B5-A94B-104EB7D78B37}.Release|Any CPU.ActiveCfg = Release|Any CPU
		{2007D73D-2A66-41B5-A94B-104EB7D78B37}.Release|Any CPU.Build.0 = Release|Any CPU
		{7ECCCB05-2C51-4491-81A5-AF24E7B355F6}.Debug|Any CPU.ActiveCfg = Debug|Any CPU
		{7ECCCB05-2C51-4491-81A5-AF24E7B355F6}.Debug|Any CPU.Build.0 = Debug|Any CPU
		{7ECCCB05-2C51-4491-81A5-AF24E7B355F6}.Release|Any CPU.ActiveCfg = Release|Any CPU
		{7ECCCB05-2C51-4491-81A5-AF24E7B355F6}.Release|Any CPU.Build.0 = Release|Any CPU
		{A31FB6E0-791C-494B-99E7-B6F91505C3C9}.Debug|Any CPU.ActiveCfg = Debug|Any CPU
		{A31FB6E0-791C-494B-99E7-B6F91505C3C9}.Debug|Any CPU.Build.0 = Debug|Any CPU
		{A31FB6E0-791C-494B-99E7-B6F91505C3C9}.Release|Any CPU.ActiveCfg = Release|Any CPU
		{A31FB6E0-791C-494B-99E7-B6F91505C3C9}.Release|Any CPU.Build.0 = Release|Any CPU
		{A6DAE468-A33B-4DB6-9EBD-8FAE37362874}.Debug|Any CPU.ActiveCfg = Debug|Any CPU
		{A6DAE468-A33B-4DB6-9EBD-8FAE37362874}.Debug|Any CPU.Build.0 = Debug|Any CPU
		{A6DAE468-A33B-4DB6-9EBD-8FAE37362874}.Release|Any CPU.ActiveCfg = Release|Any CPU
		{A6DAE468-A33B-4DB6-9EBD-8FAE37362874}.Release|Any CPU.Build.0 = Release|Any CPU
		{C6EF264F-FD28-49F8-9767-549EC6E048A7}.Debug|Any CPU.ActiveCfg = Debug|Any CPU
		{C6EF264F-FD28-49F8-9767-549EC6E048A7}.Debug|Any CPU.Build.0 = Debug|Any CPU
		{C6EF264F-FD28-49F8-9767-549EC6E048A7}.Release|Any CPU.ActiveCfg = Release|Any CPU
		{C6EF264F-FD28-49F8-9767-549EC6E048A7}.Release|Any CPU.Build.0 = Release|Any CPU
		{E27AD20F-D7A7-4842-8BDC-9C8422CF4618}.Debug|Any CPU.ActiveCfg = Debug|Any CPU
		{E27AD20F-D7A7-4842-8BDC-9C8422CF4618}.Debug|Any CPU.Build.0 = Debug|Any CPU
		{E27AD20F-D7A7-4842-8BDC-9C8422CF4618}.Release|Any CPU.ActiveCfg = Release|Any CPU
		{E27AD20F-D7A7-4842-8BDC-9C8422CF4618}.Release|Any CPU.Build.0 = Release|Any CPU
		{70A70B9D-A7A1-4C20-9B25-61A59C87CC7E}.Debug|Any CPU.ActiveCfg = Debug|Any CPU
		{70A70B9D-A7A1-4C20-9B25-61A59C87CC7E}.Debug|Any CPU.Build.0 = Debug|Any CPU
		{70A70B9D-A7A1-4C20-9B25-61A59C87CC7E}.Release|Any CPU.ActiveCfg = Release|Any CPU
		{70A70B9D-A7A1-4C20-9B25-61A59C87CC7E}.Release|Any CPU.Build.0 = Release|Any CPU
		{07A4641E-50C0-4831-9CFA-0825D1AA9604}.Debug|Any CPU.ActiveCfg = Debug|Any CPU
		{07A4641E-50C0-4831-9CFA-0825D1AA9604}.Debug|Any CPU.Build.0 = Debug|Any CPU
		{07A4641E-50C0-4831-9CFA-0825D1AA9604}.Release|Any CPU.ActiveCfg = Release|Any CPU
		{07A4641E-50C0-4831-9CFA-0825D1AA9604}.Release|Any CPU.Build.0 = Release|Any CPU
		{471C186E-12C1-4D4A-BC9C-3F57B05B7436}.Debug|Any CPU.ActiveCfg = Debug|Any CPU
		{471C186E-12C1-4D4A-BC9C-3F57B05B7436}.Debug|Any CPU.Build.0 = Debug|Any CPU
		{471C186E-12C1-4D4A-BC9C-3F57B05B7436}.Release|Any CPU.ActiveCfg = Release|Any CPU
		{471C186E-12C1-4D4A-BC9C-3F57B05B7436}.Release|Any CPU.Build.0 = Release|Any CPU
		{F086E563-DFF7-406D-8819-B17ABF422A6F}.Debug|Any CPU.ActiveCfg = Debug|Any CPU
		{F086E563-DFF7-406D-8819-B17ABF422A6F}.Debug|Any CPU.Build.0 = Debug|Any CPU
		{F086E563-DFF7-406D-8819-B17ABF422A6F}.Release|Any CPU.ActiveCfg = Release|Any CPU
		{F086E563-DFF7-406D-8819-B17ABF422A6F}.Release|Any CPU.Build.0 = Release|Any CPU
		{13F1DEB9-FF74-4597-906E-652953B5FF74}.Debug|Any CPU.ActiveCfg = Debug|Any CPU
		{13F1DEB9-FF74-4597-906E-652953B5FF74}.Debug|Any CPU.Build.0 = Debug|Any CPU
		{13F1DEB9-FF74-4597-906E-652953B5FF74}.Release|Any CPU.ActiveCfg = Release|Any CPU
		{13F1DEB9-FF74-4597-906E-652953B5FF74}.Release|Any CPU.Build.0 = Release|Any CPU
		{41B7D236-BAB2-4932-A275-8DB7A9F8395C}.Debug|Any CPU.ActiveCfg = Debug|Any CPU
		{41B7D236-BAB2-4932-A275-8DB7A9F8395C}.Debug|Any CPU.Build.0 = Debug|Any CPU
		{41B7D236-BAB2-4932-A275-8DB7A9F8395C}.Release|Any CPU.ActiveCfg = Release|Any CPU
		{41B7D236-BAB2-4932-A275-8DB7A9F8395C}.Release|Any CPU.Build.0 = Release|Any CPU
		{530BB058-C61C-4DC2-9628-B503DF3B8C55}.Debug|Any CPU.ActiveCfg = Debug|Any CPU
		{530BB058-C61C-4DC2-9628-B503DF3B8C55}.Debug|Any CPU.Build.0 = Debug|Any CPU
		{530BB058-C61C-4DC2-9628-B503DF3B8C55}.Release|Any CPU.ActiveCfg = Release|Any CPU
		{530BB058-C61C-4DC2-9628-B503DF3B8C55}.Release|Any CPU.Build.0 = Release|Any CPU
		{07B9772F-BDA6-4CE3-BB78-4F9D64B8E677}.Debug|Any CPU.ActiveCfg = Debug|Any CPU
		{07B9772F-BDA6-4CE3-BB78-4F9D64B8E677}.Debug|Any CPU.Build.0 = Debug|Any CPU
		{07B9772F-BDA6-4CE3-BB78-4F9D64B8E677}.Release|Any CPU.ActiveCfg = Release|Any CPU
		{07B9772F-BDA6-4CE3-BB78-4F9D64B8E677}.Release|Any CPU.Build.0 = Release|Any CPU
		{1EB82814-D84D-4A91-9379-E94B372D432C}.Debug|Any CPU.ActiveCfg = Debug|Any CPU
		{1EB82814-D84D-4A91-9379-E94B372D432C}.Debug|Any CPU.Build.0 = Debug|Any CPU
		{1EB82814-D84D-4A91-9379-E94B372D432C}.Release|Any CPU.ActiveCfg = Release|Any CPU
		{1EB82814-D84D-4A91-9379-E94B372D432C}.Release|Any CPU.Build.0 = Release|Any CPU
		{15E38DE0-3673-43FF-BF19-75CFAF4B400A}.Debug|Any CPU.ActiveCfg = Debug|Any CPU
		{15E38DE0-3673-43FF-BF19-75CFAF4B400A}.Debug|Any CPU.Build.0 = Debug|Any CPU
		{15E38DE0-3673-43FF-BF19-75CFAF4B400A}.Release|Any CPU.ActiveCfg = Release|Any CPU
		{15E38DE0-3673-43FF-BF19-75CFAF4B400A}.Release|Any CPU.Build.0 = Release|Any CPU
		{149F6223-09CD-4BE7-B7C3-B08745C5671A}.Debug|Any CPU.ActiveCfg = Debug|Any CPU
		{149F6223-09CD-4BE7-B7C3-B08745C5671A}.Debug|Any CPU.Build.0 = Debug|Any CPU
		{149F6223-09CD-4BE7-B7C3-B08745C5671A}.Release|Any CPU.ActiveCfg = Release|Any CPU
		{149F6223-09CD-4BE7-B7C3-B08745C5671A}.Release|Any CPU.Build.0 = Release|Any CPU
	EndGlobalSection
	GlobalSection(NestedProjects) = preSolution
		{B61EB68B-0994-425F-BD54-0AC1A89D14E9} = {F52A6787-D9E4-4743-AAA6-94047CEC9F61}
		{26524597-5E83-4FB3-9CBA-6CDAD3A0296F} = {F52A6787-D9E4-4743-AAA6-94047CEC9F61}
		{2007D73D-2A66-41B5-A94B-104EB7D78B37} = {DD31ECE8-A04E-4B5F-96C7-CB0F2A370996}
		{7ECCCB05-2C51-4491-81A5-AF24E7B355F6} = {DD31ECE8-A04E-4B5F-96C7-CB0F2A370996}
		{A31FB6E0-791C-494B-99E7-B6F91505C3C9} = {17D66CC3-1449-4164-AE21-E2EAF5C16407}
		{A6DAE468-A33B-4DB6-9EBD-8FAE37362874} = {17D66CC3-1449-4164-AE21-E2EAF5C16407}
		{C6EF264F-FD28-49F8-9767-549EC6E048A7} = {DD31ECE8-A04E-4B5F-96C7-CB0F2A370996}
		{8E886F59-9606-4BC6-836F-B423F794FF67} = {57A50A2B-D447-4874-A32C-2BAAC715AC2D}
		{E27AD20F-D7A7-4842-8BDC-9C8422CF4618} = {8E886F59-9606-4BC6-836F-B423F794FF67}
		{70A70B9D-A7A1-4C20-9B25-61A59C87CC7E} = {8E886F59-9606-4BC6-836F-B423F794FF67}
		{2C2EDA27-88F5-48F9-A312-CF4AB9382661} = {57A50A2B-D447-4874-A32C-2BAAC715AC2D}
		{07A4641E-50C0-4831-9CFA-0825D1AA9604} = {2C2EDA27-88F5-48F9-A312-CF4AB9382661}
		{471C186E-12C1-4D4A-BC9C-3F57B05B7436} = {2C2EDA27-88F5-48F9-A312-CF4AB9382661}
		{E9A5A415-0027-42EC-AA51-3093A2E78E0D} = {57A50A2B-D447-4874-A32C-2BAAC715AC2D}
		{13F1DEB9-FF74-4597-906E-652953B5FF74} = {E9A5A415-0027-42EC-AA51-3093A2E78E0D}
		{41B7D236-BAB2-4932-A275-8DB7A9F8395C} = {E9A5A415-0027-42EC-AA51-3093A2E78E0D}
		{530BB058-C61C-4DC2-9628-B503DF3B8C55} = {D25E9941-6ED1-455D-AD56-8F9703C1D767}
		{8539D13A-3741-4582-A8BE-023D1892472E} = {57A50A2B-D447-4874-A32C-2BAAC715AC2D}
		{07B9772F-BDA6-4CE3-BB78-4F9D64B8E677} = {8539D13A-3741-4582-A8BE-023D1892472E}
		{1EB82814-D84D-4A91-9379-E94B372D432C} = {E9A5A415-0027-42EC-AA51-3093A2E78E0D}
		{15E38DE0-3673-43FF-BF19-75CFAF4B400A} = {E9A5A415-0027-42EC-AA51-3093A2E78E0D}
		{149F6223-09CD-4BE7-B7C3-B08745C5671A} = {8539D13A-3741-4582-A8BE-023D1892472E}
	EndGlobalSection
EndGlobal
