
Microsoft Visual Studio Solution File, Format Version 12.00
Project("{FAE04EC0-301F-11D3-BF4B-00C04F79EFBC}") = "KeySwitchManager.AppCore", "KeySwitchManager.AppCore\KeySwitchManager.AppCore.csproj", "{1BC5444C-B8CC-4099-9DC9-6D900BAD6206}"
EndProject
Project("{FAE04EC0-301F-11D3-BF4B-00C04F79EFBC}") = "KeySwitchManager", "..\KeySwitchManager\ForExternalReference\KeySwitchManager.csproj", "{72D05FB6-1975-49CF-994C-7180EC0F5F06}"
EndProject
Global
	GlobalSection(SolutionConfigurationPlatforms) = preSolution
		Debug|Any CPU = Debug|Any CPU
		Release|Any CPU = Release|Any CPU
	EndGlobalSection
	GlobalSection(ProjectConfigurationPlatforms) = postSolution
		{1BC5444C-B8CC-4099-9DC9-6D900BAD6206}.Debug|Any CPU.ActiveCfg = Debug|Any CPU
		{1BC5444C-B8CC-4099-9DC9-6D900BAD6206}.Debug|Any CPU.Build.0 = Debug|Any CPU
		{1BC5444C-B8CC-4099-9DC9-6D900BAD6206}.Release|Any CPU.ActiveCfg = Release|Any CPU
		{1BC5444C-B8CC-4099-9DC9-6D900BAD6206}.Release|Any CPU.Build.0 = Release|Any CPU
		{72D05FB6-1975-49CF-994C-7180EC0F5F06}.Debug|Any CPU.ActiveCfg = Debug|Any CPU
		{72D05FB6-1975-49CF-994C-7180EC0F5F06}.Debug|Any CPU.Build.0 = Debug|Any CPU
		{72D05FB6-1975-49CF-994C-7180EC0F5F06}.Release|Any CPU.ActiveCfg = Release|Any CPU
		{72D05FB6-1975-49CF-994C-7180EC0F5F06}.Release|Any CPU.Build.0 = Release|Any CPU
	EndGlobalSection
EndGlobal
